{
  "version": 4,
  "terraform_version": "1.6.1",
  "serial": 16,
  "lineage": "9a61f455-828a-92c7-0b4e-5711e848c44c",
  "outputs": {
    "aws_key_pair": {
      "value": "netflixkp",
      "type": "string"
    }
  },
  "resources": [
    {
      "mode": "managed",
      "type": "aws_eip",
      "name": "monitoring_elastic_ip",
      "provider": "provider[\"registry.terraform.io/hashicorp/aws\"]",
      "instances": [
        {
          "schema_version": 0,
          "attributes": {
            "address": null,
            "allocation_id": "eipalloc-048f8f2bb4d2ecfa7",
            "associate_with_private_ip": null,
            "association_id": "eipassoc-0de8729687753c817",
            "carrier_ip": "",
            "customer_owned_ip": "",
            "customer_owned_ipv4_pool": "",
            "domain": "vpc",
            "id": "eipalloc-048f8f2bb4d2ecfa7",
            "instance": "i-0041b81ec3450142c",
            "network_border_group": "us-east-1",
            "network_interface": "eni-06c52b3b6c0fde065",
            "private_dns": "ip-172-31-20-35.ec2.internal",
            "private_ip": "172.31.20.35",
            "public_dns": "ec2-52-73-156-34.compute-1.amazonaws.com",
            "public_ip": "52.73.156.34",
            "public_ipv4_pool": "amazon",
            "tags": null,
            "tags_all": {},
            "timeouts": null,
            "vpc": true
          },
          "sensitive_attributes": [],
          "private": "eyJlMmJmYjczMC1lY2FhLTExZTYtOGY4OC0zNDM2M2JjN2M0YzAiOnsiZGVsZXRlIjoxODAwMDAwMDAwMDAsInJlYWQiOjkwMDAwMDAwMDAwMCwidXBkYXRlIjozMDAwMDAwMDAwMDB9fQ==",
          "dependencies": [
            "aws_iam_instance_profile.admin_instance_profile",
            "aws_iam_role.admin_role",
            "aws_instance.monitoring_server",
            "aws_security_group.netflix_sg",
            "aws_subnet.netflix-subnet",
            "aws_vpc.netflix"
          ]
        }
      ]
    },
    {
      "mode": "managed",
      "type": "aws_eip",
      "name": "netflix_elastic_ip",
      "provider": "provider[\"registry.terraform.io/hashicorp/aws\"]",
      "instances": [
        {
          "schema_version": 0,
          "attributes": {
            "address": null,
            "allocation_id": "eipalloc-0a4315de99627dffd",
            "associate_with_private_ip": null,
            "association_id": "eipassoc-0dd8725832a1a748f",
            "carrier_ip": "",
            "customer_owned_ip": "",
            "customer_owned_ipv4_pool": "",
            "domain": "vpc",
            "id": "eipalloc-0a4315de99627dffd",
            "instance": "i-06836c2824aea6e5c",
            "network_border_group": "us-east-1",
            "network_interface": "eni-0c999404173e861ea",
            "private_dns": "ip-172-31-127-43.ec2.internal",
            "private_ip": "172.31.127.43",
            "public_dns": "ec2-23-23-79-163.compute-1.amazonaws.com",
            "public_ip": "23.23.79.163",
            "public_ipv4_pool": "amazon",
            "tags": null,
            "tags_all": {},
            "timeouts": null,
            "vpc": true
          },
          "sensitive_attributes": [],
          "private": "eyJlMmJmYjczMC1lY2FhLTExZTYtOGY4OC0zNDM2M2JjN2M0YzAiOnsiZGVsZXRlIjoxODAwMDAwMDAwMDAsInJlYWQiOjkwMDAwMDAwMDAwMCwidXBkYXRlIjozMDAwMDAwMDAwMDB9fQ==",
          "dependencies": [
            "aws_iam_instance_profile.admin_instance_profile",
            "aws_iam_role.admin_role",
            "aws_instance.netflix_server",
            "aws_security_group.netflix_sg",
            "aws_subnet.netflix-subnet",
            "aws_vpc.netflix"
          ]
        }
      ]
    },
    {
      "mode": "managed",
      "type": "aws_iam_instance_profile",
      "name": "admin_instance_profile",
      "provider": "provider[\"registry.terraform.io/hashicorp/aws\"]",
      "instances": [
        {
          "schema_version": 0,
          "attributes": {
            "arn": "arn:aws:iam::175985118028:instance-profile/AdministratorAccessInstanceProfile",
            "create_date": "2024-03-20T23:27:44Z",
            "id": "AdministratorAccessInstanceProfile",
            "name": "AdministratorAccessInstanceProfile",
            "name_prefix": "",
            "path": "/",
            "role": "NetflixAccessRole",
            "tags": null,
            "tags_all": {},
            "unique_id": "AIPASR6MHZNGKXX6G2TJB"
          },
          "sensitive_attributes": [],
          "private": "bnVsbA==",
          "dependencies": [
            "aws_iam_role.admin_role"
          ]
        }
      ]
    },
    {
      "mode": "managed",
      "type": "aws_iam_role",
      "name": "admin_role",
      "provider": "provider[\"registry.terraform.io/hashicorp/aws\"]",
      "instances": [
        {
          "schema_version": 0,
          "attributes": {
            "arn": "arn:aws:iam::175985118028:role/NetflixAccessRole",
            "assume_role_policy": "{\"Statement\":[{\"Action\":\"sts:AssumeRole\",\"Effect\":\"Allow\",\"Principal\":{\"Service\":\"ec2.amazonaws.com\"}}],\"Version\":\"2012-10-17\"}",
            "create_date": "2024-03-20T23:27:44Z",
            "description": "",
            "force_detach_policies": false,
            "id": "NetflixAccessRole",
            "inline_policy": [],
            "managed_policy_arns": [],
            "max_session_duration": 3600,
            "name": "NetflixAccessRole",
            "name_prefix": "",
            "path": "/",
            "permissions_boundary": null,
            "role_last_used": [
              {
                "last_used_date": "",
                "region": ""
              }
            ],
            "tags": null,
            "tags_all": {},
            "unique_id": "AROASR6MHZNGFI7P34IHU"
          },
          "sensitive_attributes": [],
          "private": "bnVsbA=="
        }
      ]
    },
    {
      "mode": "managed",
      "type": "aws_iam_role_policy_attachment",
      "name": "admin_role_attachment",
      "provider": "provider[\"registry.terraform.io/hashicorp/aws\"]",
      "instances": [
        {
          "schema_version": 0,
          "attributes": {
            "id": "NetflixAccessRole-20240320232744485900000001",
            "policy_arn": "arn:aws:iam::aws:policy/AdministratorAccess",
            "role": "NetflixAccessRole"
          },
          "sensitive_attributes": [],
          "private": "bnVsbA==",
          "dependencies": [
            "aws_iam_role.admin_role"
          ]
        }
      ]
    },
    {
      "mode": "managed",
      "type": "aws_instance",
      "name": "monitoring_server",
      "provider": "provider[\"registry.terraform.io/hashicorp/aws\"]",
      "instances": [
        {
          "schema_version": 1,
          "attributes": {
            "ami": "ami-0cd59ecaf368e5ccf",
            "arn": "arn:aws:ec2:us-east-1:175985118028:instance/i-0041b81ec3450142c",
            "associate_public_ip_address": true,
            "availability_zone": "us-east-1a",
            "capacity_reservation_specification": [
              {
                "capacity_reservation_preference": "open",
                "capacity_reservation_target": []
              }
            ],
            "cpu_core_count": 2,
            "cpu_options": [
              {
                "amd_sev_snp": "",
                "core_count": 2,
                "threads_per_core": 1
              }
            ],
            "cpu_threads_per_core": 1,
            "credit_specification": [
              {
                "cpu_credits": "standard"
              }
            ],
            "disable_api_stop": false,
            "disable_api_termination": false,
            "ebs_block_device": [],
            "ebs_optimized": false,
            "enclave_options": [
              {
                "enabled": false
              }
            ],
            "ephemeral_block_device": [],
            "get_password_data": false,
            "hibernation": false,
            "host_id": "",
            "host_resource_group_arn": null,
            "iam_instance_profile": "AdministratorAccessInstanceProfile",
            "id": "i-0041b81ec3450142c",
            "instance_initiated_shutdown_behavior": "stop",
            "instance_state": "running",
            "instance_type": "t2.medium",
            "ipv6_address_count": 0,
            "ipv6_addresses": [],
            "key_name": "netflixkp",
            "launch_template": [],
            "maintenance_options": [
              {
                "auto_recovery": "default"
              }
            ],
            "metadata_options": [
              {
                "http_endpoint": "enabled",
                "http_put_response_hop_limit": 1,
                "http_tokens": "optional",
                "instance_metadata_tags": "disabled"
              }
            ],
            "monitoring": false,
            "network_interface": [],
            "outpost_arn": "",
            "password_data": "",
            "placement_group": "",
            "placement_partition_number": 0,
            "primary_network_interface_id": "eni-06c52b3b6c0fde065",
            "private_dns": "ip-172-31-20-35.ec2.internal",
            "private_dns_name_options": [
              {
                "enable_resource_name_dns_a_record": false,
                "enable_resource_name_dns_aaaa_record": false,
                "hostname_type": "ip-name"
              }
            ],
            "private_ip": "172.31.20.35",
            "public_dns": "ec2-52-23-204-64.compute-1.amazonaws.com",
            "public_ip": "52.23.204.64",
            "root_block_device": [
              {
                "delete_on_termination": true,
                "device_name": "/dev/sda1",
                "encrypted": false,
                "iops": 3000,
                "kms_key_id": "",
                "tags": null,
                "throughput": 125,
                "volume_id": "vol-02a821729da87d899",
                "volume_size": 35,
                "volume_type": "gp3"
              }
            ],
            "secondary_private_ips": [],
            "security_groups": [],
            "source_dest_check": true,
            "subnet_id": "subnet-06ec7eca99eb7136d",
            "tags": {
              "Name": "Monitoring Server"
            },
            "tags_all": {
              "Name": "Monitoring Server"
            },
            "tenancy": "default",
            "timeouts": null,
            "user_data": "ec5d20d1e322aceb8f17bb617331239e8be43d34",
            "user_data_base64": null,
            "user_data_replace_on_change": false,
            "volume_tags": null,
            "vpc_security_group_ids": [
              "sg-005dc33528664fd0a"
            ]
          },
          "sensitive_attributes": [],
          "private": "eyJlMmJmYjczMC1lY2FhLTExZTYtOGY4OC0zNDM2M2JjN2M0YzAiOnsiY3JlYXRlIjo2MDAwMDAwMDAwMDAsImRlbGV0ZSI6MTIwMDAwMDAwMDAwMCwidXBkYXRlIjo2MDAwMDAwMDAwMDB9LCJzY2hlbWFfdmVyc2lvbiI6IjEifQ==",
          "dependencies": [
            "aws_iam_instance_profile.admin_instance_profile",
            "aws_iam_role.admin_role",
            "aws_security_group.netflix_sg",
            "aws_subnet.netflix-subnet",
            "aws_vpc.netflix"
          ]
        }
      ]
    },
    {
      "mode": "managed",
      "type": "aws_instance",
      "name": "netflix_server",
      "provider": "provider[\"registry.terraform.io/hashicorp/aws\"]",
      "instances": [
        {
          "schema_version": 1,
          "attributes": {
            "ami": "ami-0cd59ecaf368e5ccf",
            "arn": "arn:aws:ec2:us-east-1:175985118028:instance/i-06836c2824aea6e5c",
            "associate_public_ip_address": true,
            "availability_zone": "us-east-1a",
            "capacity_reservation_specification": [
              {
                "capacity_reservation_preference": "open",
                "capacity_reservation_target": []
              }
            ],
            "cpu_core_count": 2,
            "cpu_options": [
              {
                "amd_sev_snp": "",
                "core_count": 2,
                "threads_per_core": 1
              }
            ],
            "cpu_threads_per_core": 1,
            "credit_specification": [
              {
                "cpu_credits": "standard"
              }
            ],
            "disable_api_stop": false,
            "disable_api_termination": false,
            "ebs_block_device": [],
            "ebs_optimized": false,
            "enclave_options": [
              {
                "enabled": false
              }
            ],
            "ephemeral_block_device": [],
            "get_password_data": false,
            "hibernation": false,
            "host_id": "",
            "host_resource_group_arn": null,
            "iam_instance_profile": "AdministratorAccessInstanceProfile",
            "id": "i-06836c2824aea6e5c",
            "instance_initiated_shutdown_behavior": "stop",
            "instance_state": "running",
            "instance_type": "t2.large",
            "ipv6_address_count": 0,
            "ipv6_addresses": [],
            "key_name": "netflixkp",
            "launch_template": [],
            "maintenance_options": [
              {
                "auto_recovery": "default"
              }
            ],
            "metadata_options": [
              {
                "http_endpoint": "enabled",
                "http_put_response_hop_limit": 1,
                "http_tokens": "optional",
                "instance_metadata_tags": "disabled"
              }
            ],
            "monitoring": false,
            "network_interface": [],
            "outpost_arn": "",
            "password_data": "",
            "placement_group": "",
            "placement_partition_number": 0,
            "primary_network_interface_id": "eni-0c999404173e861ea",
            "private_dns": "ip-172-31-127-43.ec2.internal",
            "private_dns_name_options": [
              {
                "enable_resource_name_dns_a_record": false,
                "enable_resource_name_dns_aaaa_record": false,
                "hostname_type": "ip-name"
              }
            ],
            "private_ip": "172.31.127.43",
            "public_dns": "ec2-34-229-171-65.compute-1.amazonaws.com",
            "public_ip": "34.229.171.65",
            "root_block_device": [
              {
                "delete_on_termination": true,
                "device_name": "/dev/sda1",
                "encrypted": false,
                "iops": 3000,
                "kms_key_id": "",
                "tags": null,
                "throughput": 125,
                "volume_id": "vol-060d790c92ca31144",
                "volume_size": 35,
                "volume_type": "gp3"
              }
            ],
            "secondary_private_ips": [],
            "security_groups": [],
            "source_dest_check": true,
            "subnet_id": "subnet-06ec7eca99eb7136d",
            "tags": {
              "Name": "Netflix Server"
            },
            "tags_all": {
              "Name": "Netflix Server"
            },
            "tenancy": "default",
            "timeouts": null,
            "user_data": "55bb64fedf64aa2b93d4217a4d0430a924bc5fb4",
            "user_data_base64": null,
            "user_data_replace_on_change": false,
            "volume_tags": null,
            "vpc_security_group_ids": [
              "sg-005dc33528664fd0a"
            ]
          },
          "sensitive_attributes": [],
          "private": "eyJlMmJmYjczMC1lY2FhLTExZTYtOGY4OC0zNDM2M2JjN2M0YzAiOnsiY3JlYXRlIjo2MDAwMDAwMDAwMDAsImRlbGV0ZSI6MTIwMDAwMDAwMDAwMCwidXBkYXRlIjo2MDAwMDAwMDAwMDB9LCJzY2hlbWFfdmVyc2lvbiI6IjEifQ==",
          "dependencies": [
            "aws_iam_instance_profile.admin_instance_profile",
            "aws_iam_role.admin_role",
            "aws_security_group.netflix_sg",
            "aws_subnet.netflix-subnet",
            "aws_vpc.netflix"
          ]
        }
      ]
    },
    {
      "mode": "managed",
      "type": "aws_internet_gateway",
      "name": "netflix-gw",
      "provider": "provider[\"registry.terraform.io/hashicorp/aws\"]",
      "instances": [
        {
          "schema_version": 0,
          "attributes": {
            "arn": "arn:aws:ec2:us-east-1:175985118028:internet-gateway/igw-0c02fc4d24536c42c",
            "id": "igw-0c02fc4d24536c42c",
            "owner_id": "175985118028",
            "tags": {
              "Name": "netflix-env-gw"
            },
            "tags_all": {
              "Name": "netflix-env-gw"
            },
            "timeouts": null,
            "vpc_id": "vpc-0447c77f90295b727"
          },
          "sensitive_attributes": [],
          "private": "eyJlMmJmYjczMC1lY2FhLTExZTYtOGY4OC0zNDM2M2JjN2M0YzAiOnsiY3JlYXRlIjoxMjAwMDAwMDAwMDAwLCJkZWxldGUiOjEyMDAwMDAwMDAwMDAsInVwZGF0ZSI6MTIwMDAwMDAwMDAwMH19",
          "dependencies": [
            "aws_vpc.netflix"
          ]
        }
      ]
    },
    {
      "mode": "managed",
      "type": "aws_key_pair",
      "name": "generated_key",
      "provider": "provider[\"registry.terraform.io/hashicorp/aws\"]",
      "instances": [
        {
          "schema_version": 1,
          "attributes": {
            "arn": "arn:aws:ec2:us-east-1:175985118028:key-pair/netflixkp",
            "fingerprint": "8c:b9:b0:57:b0:26:af:f4:56:77:5b:c7:07:2e:5b:89",
            "id": "netflixkp",
            "key_name": "netflixkp",
            "key_name_prefix": "",
            "key_pair_id": "key-073d38e398f61f1ae",
            "key_type": "rsa",
            "public_key": "ssh-rsa AAAAB3NzaC1yc2EAAAADAQABAAACAQDTMrlIvMFxQe8neFk7BTyyr7py7Wu4SZISEKB7bwt0Rc1vmLWGHG7oJgVB1BGpU1LyQxnXymbgK/UgZ6DF6eiya/lbwINjJc+lBPa9Jf8i0THtZw5DdcM4cFmXN4GX/sLiWDkUGBlpIylaxZroyT/zZrE9WV/goFvLDPzS+koeRJkP/r48oNScsnoz+XrYAZYZ+lhA7NXdyTKmtOytRNTxATpWI+JVpG373mhWzad6cFsR4gYwtuu5bjQcmpJ1VtMsWI8HkTVkaspqn//2vCU59HKZuRket6brz0cTgAMD9WEt1E2o+sLbx8k93SsvqIOpWw+kh2UH3hTWln6+/TL5qIcsgqXT3ivTGvsJ+mBhrl5CZmZrIghNSFklU/CxQjUDx9ZCe8G4XdX7hhGLf0YGDibsmm5d22bkWB8nvcclm8IjohKDBhrBLhaNKkTZoHrjzaLRvbjw6IxKTk4Dkr4MF7TI65GGjLgZRmr+GqwoyQqwEoVFF1TdvTi2DP6cxA1cCDnOdpjtN5wuGXb3OCVm0u4kE6gGwLGjTH5x/+gxBCwOZf3ds25ooFU0R3pu5lZr9IunmRO75S295+bygxaIS/4R6E5PsxDxOFVv/vcSetPit4jKIbPqpQ7QCcR14yMAEIp7zro22RAfKX80De9IuWNJf1nMeePQvjRmwJLCxQ==",
            "tags": null,
            "tags_all": {}
          },
          "sensitive_attributes": [],
          "private": "eyJzY2hlbWFfdmVyc2lvbiI6IjEifQ==",
          "dependencies": [
            "tls_private_key.terrafrom_generated_private_key"
          ]
        }
      ]
    },
    {
      "mode": "managed",
      "type": "aws_route_table",
      "name": "route-netflix-env",
      "provider": "provider[\"registry.terraform.io/hashicorp/aws\"]",
      "instances": [
        {
          "schema_version": 0,
          "attributes": {
            "arn": "arn:aws:ec2:us-east-1:175985118028:route-table/rtb-04fad561daa665a60",
            "id": "rtb-04fad561daa665a60",
            "owner_id": "175985118028",
            "propagating_vgws": [],
            "route": [
              {
                "carrier_gateway_id": "",
                "cidr_block": "0.0.0.0/0",
                "core_network_arn": "",
                "destination_prefix_list_id": "",
                "egress_only_gateway_id": "",
                "gateway_id": "igw-0c02fc4d24536c42c",
                "instance_id": "",
                "ipv6_cidr_block": "",
                "local_gateway_id": "",
                "nat_gateway_id": "",
                "network_interface_id": "",
                "transit_gateway_id": "",
                "vpc_endpoint_id": "",
                "vpc_peering_connection_id": ""
              }
            ],
            "tags": {
              "Name": "netflix-env-route-table"
            },
            "tags_all": {
              "Name": "netflix-env-route-table"
            },
            "timeouts": null,
            "vpc_id": "vpc-0447c77f90295b727"
          },
          "sensitive_attributes": [],
          "private": "eyJlMmJmYjczMC1lY2FhLTExZTYtOGY4OC0zNDM2M2JjN2M0YzAiOnsiY3JlYXRlIjozMDAwMDAwMDAwMDAsImRlbGV0ZSI6MzAwMDAwMDAwMDAwLCJ1cGRhdGUiOjEyMDAwMDAwMDAwMH19",
          "dependencies": [
            "aws_internet_gateway.netflix-gw",
            "aws_vpc.netflix"
          ]
        }
      ]
    },
    {
      "mode": "managed",
      "type": "aws_route_table_association",
      "name": "subnet-association",
      "provider": "provider[\"registry.terraform.io/hashicorp/aws\"]",
      "instances": [
        {
          "schema_version": 0,
          "attributes": {
            "gateway_id": "",
            "id": "rtbassoc-07673825296c8cebf",
            "route_table_id": "rtb-04fad561daa665a60",
            "subnet_id": "subnet-06ec7eca99eb7136d",
            "timeouts": null
          },
          "sensitive_attributes": [],
          "private": "eyJlMmJmYjczMC1lY2FhLTExZTYtOGY4OC0zNDM2M2JjN2M0YzAiOnsiY3JlYXRlIjozMDAwMDAwMDAwMDAsImRlbGV0ZSI6MzAwMDAwMDAwMDAwLCJ1cGRhdGUiOjEyMDAwMDAwMDAwMH19",
          "dependencies": [
            "aws_internet_gateway.netflix-gw",
            "aws_route_table.route-netflix-env",
            "aws_subnet.netflix-subnet",
            "aws_vpc.netflix"
          ]
        }
      ]
    },
    {
      "mode": "managed",
      "type": "aws_security_group",
      "name": "netflix_sg",
      "provider": "provider[\"registry.terraform.io/hashicorp/aws\"]",
      "instances": [
        {
          "schema_version": 1,
          "attributes": {
            "arn": "arn:aws:ec2:us-east-1:175985118028:security-group/sg-005dc33528664fd0a",
            "description": "Managed by Terraform",
            "egress": [
              {
                "cidr_blocks": [
                  "0.0.0.0/0"
                ],
                "description": "",
                "from_port": 0,
                "ipv6_cidr_blocks": [],
                "prefix_list_ids": [],
                "protocol": "-1",
                "security_groups": [],
                "self": false,
                "to_port": 0
              }
            ],
            "id": "sg-005dc33528664fd0a",
            "ingress": [
              {
                "cidr_blocks": [
                  "0.0.0.0/0"
                ],
                "description": "",
                "from_port": 22,
                "ipv6_cidr_blocks": [],
                "prefix_list_ids": [],
                "protocol": "tcp",
                "security_groups": [],
                "self": false,
                "to_port": 22
              },
              {
                "cidr_blocks": [
                  "0.0.0.0/0"
                ],
                "description": "",
                "from_port": 443,
                "ipv6_cidr_blocks": [],
                "prefix_list_ids": [],
                "protocol": "tcp",
                "security_groups": [],
                "self": false,
                "to_port": 443
              },
              {
                "cidr_blocks": [
                  "0.0.0.0/0"
                ],
                "description": "",
                "from_port": 8080,
                "ipv6_cidr_blocks": [],
                "prefix_list_ids": [],
                "protocol": "tcp",
                "security_groups": [],
                "self": false,
                "to_port": 8080
              },
              {
                "cidr_blocks": [
                  "0.0.0.0/0"
                ],
                "description": "",
                "from_port": 8081,
                "ipv6_cidr_blocks": [],
                "prefix_list_ids": [],
                "protocol": "tcp",
                "security_groups": [],
                "self": false,
                "to_port": 8081
              },
              {
                "cidr_blocks": [
                  "0.0.0.0/0"
                ],
                "description": "",
                "from_port": 80,
                "ipv6_cidr_blocks": [],
                "prefix_list_ids": [],
                "protocol": "tcp",
                "security_groups": [],
                "self": false,
                "to_port": 80
              },
              {
                "cidr_blocks": [
                  "0.0.0.0/0"
                ],
                "description": "",
                "from_port": 9000,
                "ipv6_cidr_blocks": [],
                "prefix_list_ids": [],
                "protocol": "tcp",
                "security_groups": [],
                "self": false,
                "to_port": 9000
              }
            ],
            "name": "netflix_sg",
            "name_prefix": "",
            "owner_id": "175985118028",
            "revoke_rules_on_delete": false,
            "tags": {
              "name": "netflix_sg"
            },
            "tags_all": {
              "name": "netflix_sg"
            },
            "timeouts": null,
            "vpc_id": "vpc-0447c77f90295b727"
          },
          "sensitive_attributes": [],
          "private": "eyJlMmJmYjczMC1lY2FhLTExZTYtOGY4OC0zNDM2M2JjN2M0YzAiOnsiY3JlYXRlIjo2MDAwMDAwMDAwMDAsImRlbGV0ZSI6OTAwMDAwMDAwMDAwfSwic2NoZW1hX3ZlcnNpb24iOiIxIn0=",
          "dependencies": [
            "aws_vpc.netflix"
          ]
        }
      ]
    },
    {
      "mode": "managed",
      "type": "aws_subnet",
      "name": "netflix-subnet",
      "provider": "provider[\"registry.terraform.io/hashicorp/aws\"]",
      "instances": [
        {
          "schema_version": 1,
          "attributes": {
            "arn": "arn:aws:ec2:us-east-1:175985118028:subnet/subnet-06ec7eca99eb7136d",
            "assign_ipv6_address_on_creation": false,
            "availability_zone": "us-east-1a",
            "availability_zone_id": "use1-az4",
            "cidr_block": "172.31.0.0/16",
            "customer_owned_ipv4_pool": "",
            "enable_dns64": false,
            "enable_lni_at_device_index": 0,
            "enable_resource_name_dns_a_record_on_launch": false,
            "enable_resource_name_dns_aaaa_record_on_launch": false,
            "id": "subnet-06ec7eca99eb7136d",
            "ipv6_cidr_block": "",
            "ipv6_cidr_block_association_id": "",
            "ipv6_native": false,
            "map_customer_owned_ip_on_launch": false,
            "map_public_ip_on_launch": false,
            "outpost_arn": "",
            "owner_id": "175985118028",
            "private_dns_hostname_type_on_launch": "ip-name",
            "tags": {
              "Name": "netflix"
            },
            "tags_all": {
              "Name": "netflix"
            },
            "timeouts": null,
            "vpc_id": "vpc-0447c77f90295b727"
          },
          "sensitive_attributes": [],
          "private": "eyJlMmJmYjczMC1lY2FhLTExZTYtOGY4OC0zNDM2M2JjN2M0YzAiOnsiY3JlYXRlIjo2MDAwMDAwMDAwMDAsImRlbGV0ZSI6MTIwMDAwMDAwMDAwMH0sInNjaGVtYV92ZXJzaW9uIjoiMSJ9",
          "dependencies": [
            "aws_vpc.netflix"
          ]
        }
      ]
    },
    {
      "mode": "managed",
      "type": "aws_vpc",
      "name": "netflix",
      "provider": "provider[\"registry.terraform.io/hashicorp/aws\"]",
      "instances": [
        {
          "schema_version": 1,
          "attributes": {
            "arn": "arn:aws:ec2:us-east-1:175985118028:vpc/vpc-0447c77f90295b727",
            "assign_generated_ipv6_cidr_block": false,
            "cidr_block": "172.31.0.0/16",
            "default_network_acl_id": "acl-0210404dbe7a2e40f",
            "default_route_table_id": "rtb-0e4386eea72c9144e",
            "default_security_group_id": "sg-006c1e3bc7950baf5",
            "dhcp_options_id": "dopt-04e8f0dbff14ebb0e",
            "enable_classiclink": false,
            "enable_classiclink_dns_support": false,
            "enable_dns_hostnames": true,
            "enable_dns_support": true,
            "enable_network_address_usage_metrics": false,
            "id": "vpc-0447c77f90295b727",
            "instance_tenancy": "default",
            "ipv4_ipam_pool_id": null,
            "ipv4_netmask_length": null,
            "ipv6_association_id": "",
            "ipv6_cidr_block": "",
            "ipv6_cidr_block_network_border_group": "",
            "ipv6_ipam_pool_id": "",
            "ipv6_netmask_length": 0,
            "main_route_table_id": "rtb-0e4386eea72c9144e",
            "owner_id": "175985118028",
            "tags": {
              "Name": "NetflixClone"
            },
            "tags_all": {
              "Name": "NetflixClone"
            }
          },
          "sensitive_attributes": [],
          "private": "eyJzY2hlbWFfdmVyc2lvbiI6IjEifQ=="
        }
      ]
    },
    {
      "mode": "managed",
      "type": "tls_private_key",
      "name": "terrafrom_generated_private_key",
      "provider": "provider[\"registry.terraform.io/hashicorp/tls\"]",
      "instances": [
        {
          "schema_version": 1,
          "attributes": {
            "algorithm": "RSA",
            "ecdsa_curve": "P224",
            "id": "ad8e9355bcc41facbb8c91dec6ab0cb10589f79e",
            "private_key_openssh": "-----BEGIN OPENSSH PRIVATE KEY-----\nb3BlbnNzaC1rZXktdjEAAAAABG5vbmUAAAAEbm9uZQAAAAAAAAABAAACFwAAAAdz\nc2gtcnNhAAAAAwEAAQAAAgEA0zK5SLzBcUHvJ3hZOwU8sq+6cu1ruEmSEhCge28L\ndEXNb5i1hhxu6CYFQdQRqVNS8kMZ18pm4Cv1IGegxenosmv5W8CDYyXPpQT2vSX/\nItEx7WcOQ3XDOHBZlzeBl/7C4lg5FBgZaSMpWsWa6Mk/82axPVlf4KBbywz80vpK\nHkSZD/6+PKDUnLJ6M/l62AGWGfpYQOzV3ckyprTsrUTU8QE6ViPiVaRt+95oVs2n\nenBbEeIGMLbruW40HJqSdVbTLFiPB5E1ZGrKap//9rwlOfRymbkZHrem689HE4AD\nA/VhLdRNqPrC28fJPd0rL6iDqVsPpIdlB94U1pZ+vv0y+aiHLIKl094r0xr7Cfpg\nYa5eQmZmayIITUhZJVPwsUI1A8fWQnvBuF3V+4YRi39GBg4m7JpuXdtm5FgfJ73H\nJZvCI6ISgwYawS4WjSpE2aB6482i0b248OiMSk5OA5K+DBe0yOuRhoy4GUZq/hqs\nKMkKsBKFRRdU3b04tgz+nMQNXAg5znaY7TecLhl29zglZtLuJBOoBsCxo0x+cf/o\nMQQsDmX93bNuaKBVNEd6buZWa/SLp5kTu+Utvefm8oMWiEv+EehOT7MQ8ThVb/73\nEnrT4reIyiGz6qUO0AnEdeMjABCKe866NtkQHyl/NA3vSLljSX9ZzHnj0L40ZsCS\nwsUAAAc4ePEZRHjxGUQAAAAHc3NoLXJzYQAAAgEA0zK5SLzBcUHvJ3hZOwU8sq+6\ncu1ruEmSEhCge28LdEXNb5i1hhxu6CYFQdQRqVNS8kMZ18pm4Cv1IGegxenosmv5\nW8CDYyXPpQT2vSX/ItEx7WcOQ3XDOHBZlzeBl/7C4lg5FBgZaSMpWsWa6Mk/82ax\nPVlf4KBbywz80vpKHkSZD/6+PKDUnLJ6M/l62AGWGfpYQOzV3ckyprTsrUTU8QE6\nViPiVaRt+95oVs2nenBbEeIGMLbruW40HJqSdVbTLFiPB5E1ZGrKap//9rwlOfRy\nmbkZHrem689HE4ADA/VhLdRNqPrC28fJPd0rL6iDqVsPpIdlB94U1pZ+vv0y+aiH\nLIKl094r0xr7CfpgYa5eQmZmayIITUhZJVPwsUI1A8fWQnvBuF3V+4YRi39GBg4m\n7JpuXdtm5FgfJ73HJZvCI6ISgwYawS4WjSpE2aB6482i0b248OiMSk5OA5K+DBe0\nyOuRhoy4GUZq/hqsKMkKsBKFRRdU3b04tgz+nMQNXAg5znaY7TecLhl29zglZtLu\nJBOoBsCxo0x+cf/oMQQsDmX93bNuaKBVNEd6buZWa/SLp5kTu+Utvefm8oMWiEv+\nEehOT7MQ8ThVb/73EnrT4reIyiGz6qUO0AnEdeMjABCKe866NtkQHyl/NA3vSLlj\nSX9ZzHnj0L40ZsCSwsUAAAADAQABAAACAEy8bV3kV1TTZBWvQJyVNoymFNSVN0Jq\nWMx/hg/TNRI2GoKlta7YveNTjS1x5EjloYmsn8MsI1zoG9R+UogWiRnq6VtRA2wO\n3PdUamInYCBCaiWcAC66pwfmqmarIEcdpamf7H1ElFcDE4+LpNFX7gh+E3/67T8s\nhK2uNl5h2nRM8GBDatOUjCuzHXus9dluGh+uOkq8wqgm5mRz8Fq0W7qFe7C4sQ/1\nApE1Kiv/5Q4zrKM+wIkKrXNee0i5UOWZenjuZGmXdRLbSlibceEwU0ZPbyQzgNEM\nYXXkhiqrpGzXx0tjjCQNmKdKW/BCX+KdE9mA4JojJ65IHsIpRDwYu2AZkPBa/fac\nTKz5g7jk3ZJx7v4dnuTre0jL7vhV57EZm2fima2JO0uil7nZuh7dhvB23V0UtRmU\n7EPyIUr/eYUG50cXiop4gyz8McWNXNjzNoTT87ij22QupRP1pospvKy6KONfXpZT\nqx+wqKpri2Ga4dMcXc2qy8mQCxrAJDZR/tmWtsytonbjQ9nTxSZUKCGGsUECpUnM\nP/mQEMza/WIyWFr/Gfo0uriXE0/9b2za6+H1owC4BNG+4y5LX/x9XH8XtuKbca+d\nOvfznoebiSOFqC18GccfzkhGw2sF7/xVkMzhtbo7PAIH0goaThrGqCy9cE7MFpry\nVQF5Jh//jnCxAAABAQDw+gIDbtEGks9WYjRkxDnaPS6ufrIHNJSjH9uhFvxI/ZuN\njMIEIrRoKtSHk1E8kmi1UBceotxC2R4F6SeKyRHevmoXcPqQox17tQZf6armIsUj\nLPPPcNErs8HUZREW4qlexonNmA7x62SyInYs2U9OKsdEDGrmaaikLtSNiV/ryr6F\nnowmiem5l3kJ9+63FI/YYqyxPqeIf7iWuLwbqJeX4JBqTOoW/sm0HAowHyb1Y+8C\nbauJ2So+wniiaZ4xTd2M7b629TJxoWg/aM0e5mn95uK+vch/QJcqtAXXIxToaI//\ncMmpFdyw0YKQq/0NmeqSXSCMFavoRqOyYKcAvR2PAAABAQD0dm69o/kXhTPUWns3\nJMJvASyU03GzAi69zDvh0bB3q+fBVAWFC6HOSjoS2DMiV7rOJdiy9kuB7FAe0CJa\nINfbkiOoVq3+Tu3LXvKMr0Ekizaq0/j32lzReh9bugY2SAz9Z9H9N5sWVRWhvyRW\njLW0xBp6rEcb7008L2BgRJDNIkZOAkoL6ANUrpQBX1Di8qVa8fgk3iyEy/nihfRF\nUaPgC0kCbhwAPWM2jtYBYl5GV1HtnpPwg5UtHJ/g3mgutQB+MjJR9ZW51S1J+9Uu\nQH20n8/lBaGYahZ3iLjTL4YrWRw8KDxUvMYHIEiC4LW50mWzrmSWu05k4k3XO91u\nyVsXAAABAQDdKmTLxuEov+UBCjwEfFmLStnoe/CtrYdvau+sAOlMGYrS7kLz8zrV\n3RIQ6xKHcSHceXH5P8FlJ+q4oPlBBrZUrOdY4gpoc07xB3xZsvEzIxCpnj8VNesQ\nelZaD4ezVG1gVgWXrZYeg9Uzp3lkl7fRSEh22qW7elTRJRW8kC2Gy6ddESolzwKu\nTi0VkPCr/vYeHuvx0SiG4E9SNRK9A+WEK6Ly7MJb4mWBuphoErU3nnaY6ad42wtf\nNixy/Z5w1rXQvgtW/84nZDgORmP2rWN2Tluf0bDtK6OznLD6sEMgyoI6RirTEbmK\ndtlQOQlZzPMhmsna7c0nzIh4MrU1P8qDAAAAAAEC\n-----END OPENSSH PRIVATE KEY-----\n",
            "private_key_pem": "-----BEGIN RSA PRIVATE KEY-----\nMIIJKQIBAAKCAgEA0zK5SLzBcUHvJ3hZOwU8sq+6cu1ruEmSEhCge28LdEXNb5i1\nhhxu6CYFQdQRqVNS8kMZ18pm4Cv1IGegxenosmv5W8CDYyXPpQT2vSX/ItEx7WcO\nQ3XDOHBZlzeBl/7C4lg5FBgZaSMpWsWa6Mk/82axPVlf4KBbywz80vpKHkSZD/6+\nPKDUnLJ6M/l62AGWGfpYQOzV3ckyprTsrUTU8QE6ViPiVaRt+95oVs2nenBbEeIG\nMLbruW40HJqSdVbTLFiPB5E1ZGrKap//9rwlOfRymbkZHrem689HE4ADA/VhLdRN\nqPrC28fJPd0rL6iDqVsPpIdlB94U1pZ+vv0y+aiHLIKl094r0xr7CfpgYa5eQmZm\nayIITUhZJVPwsUI1A8fWQnvBuF3V+4YRi39GBg4m7JpuXdtm5FgfJ73HJZvCI6IS\ngwYawS4WjSpE2aB6482i0b248OiMSk5OA5K+DBe0yOuRhoy4GUZq/hqsKMkKsBKF\nRRdU3b04tgz+nMQNXAg5znaY7TecLhl29zglZtLuJBOoBsCxo0x+cf/oMQQsDmX9\n3bNuaKBVNEd6buZWa/SLp5kTu+Utvefm8oMWiEv+EehOT7MQ8ThVb/73EnrT4reI\nyiGz6qUO0AnEdeMjABCKe866NtkQHyl/NA3vSLljSX9ZzHnj0L40ZsCSwsUCAwEA\nAQKCAgBMvG1d5FdU02QVr0CclTaMphTUlTdCaljMf4YP0zUSNhqCpbWu2L3jU40t\nceRI5aGJrJ/DLCNc6BvUflKIFokZ6ulbUQNsDtz3VGpiJ2AgQmolnAAuuqcH5qpm\nqyBHHaWpn+x9RJRXAxOPi6TRV+4IfhN/+u0/LIStrjZeYdp0TPBgQ2rTlIwrsx17\nrPXZbhofrjpKvMKoJuZkc/BatFu6hXuwuLEP9QKRNSor/+UOM6yjPsCJCq1zXntI\nuVDlmXp47mRpl3US20pYm3HhMFNGT28kM4DRDGF15IYqq6Rs18dLY4wkDZinSlvw\nQl/inRPZgOCaIyeuSB7CKUQ8GLtgGZDwWv32nEys+YO45N2Sce7+HZ7k63tIy+74\nVeexGZtn4pmtiTtLope52boe3Ybwdt1dFLUZlOxD8iFK/3mFBudHF4qKeIMs/DHF\njVzY8zaE0/O4o9tkLqUT9aaLKbysuijjX16WU6sfsKiqa4thmuHTHF3NqsvJkAsa\nwCQ2Uf7ZlrbMraJ240PZ08UmVCghhrFBAqVJzD/5kBDM2v1iMlha/xn6NLq4lxNP\n/W9s2uvh9aMAuATRvuMuS1/8fVx/F7bim3GvnTr3856Hm4kjhagtfBnHH85IRsNr\nBe/8VZDM4bW6OzwCB9IKGk4axqgsvXBOzBaa8lUBeSYf/45wsQKCAQEA9HZuvaP5\nF4Uz1Fp7NyTCbwEslNNxswIuvcw74dGwd6vnwVQFhQuhzko6EtgzIle6ziXYsvZL\ngexQHtAiWiDX25IjqFat/k7ty17yjK9BJIs2qtP499pc0XofW7oGNkgM/WfR/Teb\nFlUVob8kVoy1tMQaeqxHG+9NPC9gYESQzSJGTgJKC+gDVK6UAV9Q4vKlWvH4JN4s\nhMv54oX0RVGj4AtJAm4cAD1jNo7WAWJeRldR7Z6T8IOVLRyf4N5oLrUAfjIyUfWV\nudUtSfvVLkB9tJ/P5QWhmGoWd4i40y+GK1kcPCg8VLzGByBIguC1udJls65klrtO\nZOJN1zvdbslbFwKCAQEA3Spky8bhKL/lAQo8BHxZi0rZ6Hvwra2Hb2rvrADpTBmK\n0u5C8/M61d0SEOsSh3Eh3Hlx+T/BZSfquKD5QQa2VKznWOIKaHNO8Qd8WbLxMyMQ\nqZ4/FTXrEHpWWg+Hs1RtYFYFl62WHoPVM6d5ZJe30UhIdtqlu3pU0SUVvJAthsun\nXREqJc8Crk4tFZDwq/72Hh7r8dEohuBPUjUSvQPlhCui8uzCW+JlgbqYaBK1N552\nmOmneNsLXzYscv2ecNa10L4LVv/OJ2Q4DkZj9q1jdk5bn9Gw7Sujs5yw+rBDIMqC\nOkYq0xG5inbZUDkJWczzIZrJ2u3NJ8yIeDK1NT/KgwKCAQEAyLNW9bDidzHvvF7Q\nnBQ84P+Yx1LVHP8kusQrQZlzBL0Il0tRAMrs+70q8n+3c3GNN2QRBdR5Z2BI4xND\nsLUYIvdW+QS48nmAdyArh972X3c/2X4QAASxgXV+u0L9iKEcsQsEdpypYetWyCVy\nQvBg2djKWH6KHuAXi9rliAOi0hdamv78JcxEt8hgUMQdV0WZBhJ0BGi3KguAyz3o\nruR44x7AwRL/QB8mDgu0nQxSk/Nqmug/Uw3kclX22Jof9IC7t9+kOm+ijh/7f6sW\neVOPILS37LHz2nr2mQqRmyiAQaR2LtlltrgI6J7TiUfNSpL21k7N3IZItUCqYZOP\nlz4O3wKCAQAlaH9GDGyXJOYKJ/4A0DuhGNcEwLnz1m8bBF5nnHvZeFSH2u8OLizc\ncZkVrX0j1ZnhndUOUJ9Yicjk0611Nzpt1hUHbqxOAHrwv9Bjp6WufZba6b5Hyyfo\nUJj8gLX2OiiJ6+LkReMnZCsSopgg0Jyx1GUVXWQ88rMX8QrdKxHYQ+gaEMYtQPd2\nHhj4Fdzvap+cdqR38WXGcnhYMkvqFpeipHLaXft96Sw8JiCTMd7e+nma4aKHCZ3B\ny/r2tDkxYs+77/khDQGEninxGCzeU3OIVjafMKuZYhE9VxqEPH4ONNKUIrwpmUzl\nw7Z8IDmZq9XP8EuGMUTLH4hRtFn8GL8bAoIBAQDw+gIDbtEGks9WYjRkxDnaPS6u\nfrIHNJSjH9uhFvxI/ZuNjMIEIrRoKtSHk1E8kmi1UBceotxC2R4F6SeKyRHevmoX\ncPqQox17tQZf6armIsUjLPPPcNErs8HUZREW4qlexonNmA7x62SyInYs2U9OKsdE\nDGrmaaikLtSNiV/ryr6Fnowmiem5l3kJ9+63FI/YYqyxPqeIf7iWuLwbqJeX4JBq\nTOoW/sm0HAowHyb1Y+8CbauJ2So+wniiaZ4xTd2M7b629TJxoWg/aM0e5mn95uK+\nvch/QJcqtAXXIxToaI//cMmpFdyw0YKQq/0NmeqSXSCMFavoRqOyYKcAvR2P\n-----END RSA PRIVATE KEY-----\n",
            "private_key_pem_pkcs8": "-----BEGIN PRIVATE KEY-----\nMIIJQwIBADANBgkqhkiG9w0BAQEFAASCCS0wggkpAgEAAoICAQDTMrlIvMFxQe8n\neFk7BTyyr7py7Wu4SZISEKB7bwt0Rc1vmLWGHG7oJgVB1BGpU1LyQxnXymbgK/Ug\nZ6DF6eiya/lbwINjJc+lBPa9Jf8i0THtZw5DdcM4cFmXN4GX/sLiWDkUGBlpIyla\nxZroyT/zZrE9WV/goFvLDPzS+koeRJkP/r48oNScsnoz+XrYAZYZ+lhA7NXdyTKm\ntOytRNTxATpWI+JVpG373mhWzad6cFsR4gYwtuu5bjQcmpJ1VtMsWI8HkTVkaspq\nn//2vCU59HKZuRket6brz0cTgAMD9WEt1E2o+sLbx8k93SsvqIOpWw+kh2UH3hTW\nln6+/TL5qIcsgqXT3ivTGvsJ+mBhrl5CZmZrIghNSFklU/CxQjUDx9ZCe8G4XdX7\nhhGLf0YGDibsmm5d22bkWB8nvcclm8IjohKDBhrBLhaNKkTZoHrjzaLRvbjw6IxK\nTk4Dkr4MF7TI65GGjLgZRmr+GqwoyQqwEoVFF1TdvTi2DP6cxA1cCDnOdpjtN5wu\nGXb3OCVm0u4kE6gGwLGjTH5x/+gxBCwOZf3ds25ooFU0R3pu5lZr9IunmRO75S29\n5+bygxaIS/4R6E5PsxDxOFVv/vcSetPit4jKIbPqpQ7QCcR14yMAEIp7zro22RAf\nKX80De9IuWNJf1nMeePQvjRmwJLCxQIDAQABAoICAEy8bV3kV1TTZBWvQJyVNoym\nFNSVN0JqWMx/hg/TNRI2GoKlta7YveNTjS1x5EjloYmsn8MsI1zoG9R+UogWiRnq\n6VtRA2wO3PdUamInYCBCaiWcAC66pwfmqmarIEcdpamf7H1ElFcDE4+LpNFX7gh+\nE3/67T8shK2uNl5h2nRM8GBDatOUjCuzHXus9dluGh+uOkq8wqgm5mRz8Fq0W7qF\ne7C4sQ/1ApE1Kiv/5Q4zrKM+wIkKrXNee0i5UOWZenjuZGmXdRLbSlibceEwU0ZP\nbyQzgNEMYXXkhiqrpGzXx0tjjCQNmKdKW/BCX+KdE9mA4JojJ65IHsIpRDwYu2AZ\nkPBa/facTKz5g7jk3ZJx7v4dnuTre0jL7vhV57EZm2fima2JO0uil7nZuh7dhvB2\n3V0UtRmU7EPyIUr/eYUG50cXiop4gyz8McWNXNjzNoTT87ij22QupRP1pospvKy6\nKONfXpZTqx+wqKpri2Ga4dMcXc2qy8mQCxrAJDZR/tmWtsytonbjQ9nTxSZUKCGG\nsUECpUnMP/mQEMza/WIyWFr/Gfo0uriXE0/9b2za6+H1owC4BNG+4y5LX/x9XH8X\ntuKbca+dOvfznoebiSOFqC18GccfzkhGw2sF7/xVkMzhtbo7PAIH0goaThrGqCy9\ncE7MFpryVQF5Jh//jnCxAoIBAQD0dm69o/kXhTPUWns3JMJvASyU03GzAi69zDvh\n0bB3q+fBVAWFC6HOSjoS2DMiV7rOJdiy9kuB7FAe0CJaINfbkiOoVq3+Tu3LXvKM\nr0Ekizaq0/j32lzReh9bugY2SAz9Z9H9N5sWVRWhvyRWjLW0xBp6rEcb7008L2Bg\nRJDNIkZOAkoL6ANUrpQBX1Di8qVa8fgk3iyEy/nihfRFUaPgC0kCbhwAPWM2jtYB\nYl5GV1HtnpPwg5UtHJ/g3mgutQB+MjJR9ZW51S1J+9UuQH20n8/lBaGYahZ3iLjT\nL4YrWRw8KDxUvMYHIEiC4LW50mWzrmSWu05k4k3XO91uyVsXAoIBAQDdKmTLxuEo\nv+UBCjwEfFmLStnoe/CtrYdvau+sAOlMGYrS7kLz8zrV3RIQ6xKHcSHceXH5P8Fl\nJ+q4oPlBBrZUrOdY4gpoc07xB3xZsvEzIxCpnj8VNesQelZaD4ezVG1gVgWXrZYe\ng9Uzp3lkl7fRSEh22qW7elTRJRW8kC2Gy6ddESolzwKuTi0VkPCr/vYeHuvx0SiG\n4E9SNRK9A+WEK6Ly7MJb4mWBuphoErU3nnaY6ad42wtfNixy/Z5w1rXQvgtW/84n\nZDgORmP2rWN2Tluf0bDtK6OznLD6sEMgyoI6RirTEbmKdtlQOQlZzPMhmsna7c0n\nzIh4MrU1P8qDAoIBAQDIs1b1sOJ3Me+8XtCcFDzg/5jHUtUc/yS6xCtBmXMEvQiX\nS1EAyuz7vSryf7dzcY03ZBEF1HlnYEjjE0OwtRgi91b5BLjyeYB3ICuH3vZfdz/Z\nfhAABLGBdX67Qv2IoRyxCwR2nKlh61bIJXJC8GDZ2MpYfooe4BeL2uWIA6LSF1qa\n/vwlzES3yGBQxB1XRZkGEnQEaLcqC4DLPeiu5HjjHsDBEv9AHyYOC7SdDFKT82qa\n6D9TDeRyVfbYmh/0gLu336Q6b6KOH/t/qxZ5U48gtLfssfPaevaZCpGbKIBBpHYu\n2WW2uAjontOJR81KkvbWTs3chki1QKphk4+XPg7fAoIBACVof0YMbJck5gon/gDQ\nO6EY1wTAufPWbxsEXmece9l4VIfa7w4uLNxxmRWtfSPVmeGd1Q5Qn1iJyOTTrXU3\nOm3WFQdurE4AevC/0GOnpa59ltrpvkfLJ+hQmPyAtfY6KInr4uRF4ydkKxKimCDQ\nnLHUZRVdZDzysxfxCt0rEdhD6BoQxi1A93YeGPgV3O9qn5x2pHfxZcZyeFgyS+oW\nl6Kkctpd+33pLDwmIJMx3t76eZrhoocJncHL+va0OTFiz7vv+SENAYSeKfEYLN5T\nc4hWNp8wq5liET1XGoQ8fg400pQivCmZTOXDtnwgOZmr1c/wS4YxRMsfiFG0WfwY\nvxsCggEBAPD6AgNu0QaSz1ZiNGTEOdo9Lq5+sgc0lKMf26EW/Ej9m42MwgQitGgq\n1IeTUTySaLVQFx6i3ELZHgXpJ4rJEd6+ahdw+pCjHXu1Bl/pquYixSMs889w0Suz\nwdRlERbiqV7Gic2YDvHrZLIidizZT04qx0QMauZpqKQu1I2JX+vKvoWejCaJ6bmX\neQn37rcUj9hirLE+p4h/uJa4vBuol5fgkGpM6hb+ybQcCjAfJvVj7wJtq4nZKj7C\neKJpnjFN3Yztvrb1MnGhaD9ozR7maf3m4r69yH9Alyq0BdcjFOhoj/9wyakV3LDR\ngpCr/Q2Z6pJdIIwVq+hGo7JgpwC9HY8=\n-----END PRIVATE KEY-----\n",
            "public_key_fingerprint_md5": "06:28:65:9c:a2:a8:b2:11:a4:d9:78:1a:3e:d1:c1:a3",
            "public_key_fingerprint_sha256": "SHA256:76RUlv/s0Cyw1wRHBDzJIGTCdVMdj1RTVjVMB7HfTS0",
            "public_key_openssh": "ssh-rsa AAAAB3NzaC1yc2EAAAADAQABAAACAQDTMrlIvMFxQe8neFk7BTyyr7py7Wu4SZISEKB7bwt0Rc1vmLWGHG7oJgVB1BGpU1LyQxnXymbgK/UgZ6DF6eiya/lbwINjJc+lBPa9Jf8i0THtZw5DdcM4cFmXN4GX/sLiWDkUGBlpIylaxZroyT/zZrE9WV/goFvLDPzS+koeRJkP/r48oNScsnoz+XrYAZYZ+lhA7NXdyTKmtOytRNTxATpWI+JVpG373mhWzad6cFsR4gYwtuu5bjQcmpJ1VtMsWI8HkTVkaspqn//2vCU59HKZuRket6brz0cTgAMD9WEt1E2o+sLbx8k93SsvqIOpWw+kh2UH3hTWln6+/TL5qIcsgqXT3ivTGvsJ+mBhrl5CZmZrIghNSFklU/CxQjUDx9ZCe8G4XdX7hhGLf0YGDibsmm5d22bkWB8nvcclm8IjohKDBhrBLhaNKkTZoHrjzaLRvbjw6IxKTk4Dkr4MF7TI65GGjLgZRmr+GqwoyQqwEoVFF1TdvTi2DP6cxA1cCDnOdpjtN5wuGXb3OCVm0u4kE6gGwLGjTH5x/+gxBCwOZf3ds25ooFU0R3pu5lZr9IunmRO75S295+bygxaIS/4R6E5PsxDxOFVv/vcSetPit4jKIbPqpQ7QCcR14yMAEIp7zro22RAfKX80De9IuWNJf1nMeePQvjRmwJLCxQ==\n",
            "public_key_pem": "-----BEGIN PUBLIC KEY-----\nMIICIjANBgkqhkiG9w0BAQEFAAOCAg8AMIICCgKCAgEA0zK5SLzBcUHvJ3hZOwU8\nsq+6cu1ruEmSEhCge28LdEXNb5i1hhxu6CYFQdQRqVNS8kMZ18pm4Cv1IGegxeno\nsmv5W8CDYyXPpQT2vSX/ItEx7WcOQ3XDOHBZlzeBl/7C4lg5FBgZaSMpWsWa6Mk/\n82axPVlf4KBbywz80vpKHkSZD/6+PKDUnLJ6M/l62AGWGfpYQOzV3ckyprTsrUTU\n8QE6ViPiVaRt+95oVs2nenBbEeIGMLbruW40HJqSdVbTLFiPB5E1ZGrKap//9rwl\nOfRymbkZHrem689HE4ADA/VhLdRNqPrC28fJPd0rL6iDqVsPpIdlB94U1pZ+vv0y\n+aiHLIKl094r0xr7CfpgYa5eQmZmayIITUhZJVPwsUI1A8fWQnvBuF3V+4YRi39G\nBg4m7JpuXdtm5FgfJ73HJZvCI6ISgwYawS4WjSpE2aB6482i0b248OiMSk5OA5K+\nDBe0yOuRhoy4GUZq/hqsKMkKsBKFRRdU3b04tgz+nMQNXAg5znaY7TecLhl29zgl\nZtLuJBOoBsCxo0x+cf/oMQQsDmX93bNuaKBVNEd6buZWa/SLp5kTu+Utvefm8oMW\niEv+EehOT7MQ8ThVb/73EnrT4reIyiGz6qUO0AnEdeMjABCKe866NtkQHyl/NA3v\nSLljSX9ZzHnj0L40ZsCSwsUCAwEAAQ==\n-----END PUBLIC KEY-----\n",
            "rsa_bits": 4096
          },
          "sensitive_attributes": []
        }
      ]
    }
  ],
  "check_results": null
}
