{
  "version": 4,
  "terraform_version": "1.6.1",
  "serial": 48,
  "lineage": "79a6b193-8317-48a2-1f05-57b70318e701",
  "outputs": {
    "aws_key_pair": {
      "value": "netflixkp",
      "type": "string"
    }
  },
  "resources": [
    {
      "mode": "managed",
      "type": "aws_eip",
      "name": "monitoring_elastic_ip",
      "provider": "provider[\"registry.terraform.io/hashicorp/aws\"]",
      "instances": [
        {
          "schema_version": 0,
          "attributes": {
            "address": null,
            "allocation_id": "eipalloc-02c2a320de01cd30e",
            "associate_with_private_ip": null,
            "association_id": "eipassoc-06f54aab517971c30",
            "carrier_ip": "",
            "customer_owned_ip": "",
            "customer_owned_ipv4_pool": "",
            "domain": "vpc",
            "id": "eipalloc-02c2a320de01cd30e",
            "instance": "i-0d0ad5f0290fec888",
            "network_border_group": "us-east-1",
            "network_interface": "eni-03ad1067f2993ab49",
            "private_dns": "ip-172-31-150-82.ec2.internal",
            "private_ip": "172.31.150.82",
            "public_dns": "ec2-3-225-173-141.compute-1.amazonaws.com",
            "public_ip": "3.225.173.141",
            "public_ipv4_pool": "amazon",
            "tags": null,
            "tags_all": {},
            "timeouts": null,
            "vpc": true
          },
          "sensitive_attributes": [],
          "private": "eyJlMmJmYjczMC1lY2FhLTExZTYtOGY4OC0zNDM2M2JjN2M0YzAiOnsiZGVsZXRlIjoxODAwMDAwMDAwMDAsInJlYWQiOjkwMDAwMDAwMDAwMCwidXBkYXRlIjozMDAwMDAwMDAwMDB9fQ==",
          "dependencies": [
            "aws_iam_instance_profile.admin_instance_profile",
            "aws_iam_role.admin_role",
            "aws_instance.monitoring_server",
            "aws_security_group.netflix_sg",
            "aws_subnet.netflix-subnet",
            "aws_vpc.netflix"
          ]
        }
      ]
    },
    {
      "mode": "managed",
      "type": "aws_eip",
      "name": "netflix_elastic_ip",
      "provider": "provider[\"registry.terraform.io/hashicorp/aws\"]",
      "instances": [
        {
          "schema_version": 0,
          "attributes": {
            "address": null,
            "allocation_id": "eipalloc-0e8ae602ef65a8e4a",
            "associate_with_private_ip": null,
            "association_id": "eipassoc-05d71e6715bfdd07f",
            "carrier_ip": "",
            "customer_owned_ip": "",
            "customer_owned_ipv4_pool": "",
            "domain": "vpc",
            "id": "eipalloc-0e8ae602ef65a8e4a",
            "instance": "i-0185b6b7d6fcd4a16",
            "network_border_group": "us-east-1",
            "network_interface": "eni-038c85847aa063673",
            "private_dns": "ip-172-31-108-160.ec2.internal",
            "private_ip": "172.31.108.160",
            "public_dns": "ec2-3-229-99-144.compute-1.amazonaws.com",
            "public_ip": "3.229.99.144",
            "public_ipv4_pool": "amazon",
            "tags": null,
            "tags_all": {},
            "timeouts": null,
            "vpc": true
          },
          "sensitive_attributes": [],
          "private": "eyJlMmJmYjczMC1lY2FhLTExZTYtOGY4OC0zNDM2M2JjN2M0YzAiOnsiZGVsZXRlIjoxODAwMDAwMDAwMDAsInJlYWQiOjkwMDAwMDAwMDAwMCwidXBkYXRlIjozMDAwMDAwMDAwMDB9fQ==",
          "dependencies": [
            "aws_iam_instance_profile.admin_instance_profile",
            "aws_iam_role.admin_role",
            "aws_instance.netflix_server",
            "aws_security_group.netflix_sg",
            "aws_subnet.netflix-subnet",
            "aws_vpc.netflix"
          ]
        }
      ]
    },
    {
      "mode": "managed",
      "type": "aws_iam_instance_profile",
      "name": "admin_instance_profile",
      "provider": "provider[\"registry.terraform.io/hashicorp/aws\"]",
      "instances": [
        {
          "schema_version": 0,
          "attributes": {
            "arn": "arn:aws:iam::175985118028:instance-profile/AdministratorAccessInstanceProfile",
            "create_date": "2024-03-22T18:40:45Z",
            "id": "AdministratorAccessInstanceProfile",
            "name": "AdministratorAccessInstanceProfile",
            "name_prefix": "",
            "path": "/",
            "role": "NetflixAccessRole",
            "tags": null,
            "tags_all": {},
            "unique_id": "AIPASR6MHZNGIBPV6OQT2"
          },
          "sensitive_attributes": [],
          "private": "bnVsbA==",
          "dependencies": [
            "aws_iam_role.admin_role"
          ]
        }
      ]
    },
    {
      "mode": "managed",
      "type": "aws_iam_role",
      "name": "admin_role",
      "provider": "provider[\"registry.terraform.io/hashicorp/aws\"]",
      "instances": [
        {
          "schema_version": 0,
          "attributes": {
            "arn": "arn:aws:iam::175985118028:role/NetflixAccessRole",
            "assume_role_policy": "{\"Statement\":[{\"Action\":\"sts:AssumeRole\",\"Effect\":\"Allow\",\"Principal\":{\"Service\":\"ec2.amazonaws.com\"}}],\"Version\":\"2012-10-17\"}",
            "create_date": "2024-03-22T18:40:44Z",
            "description": "",
            "force_detach_policies": false,
            "id": "NetflixAccessRole",
            "inline_policy": [],
            "managed_policy_arns": [],
            "max_session_duration": 3600,
            "name": "NetflixAccessRole",
            "name_prefix": "",
            "path": "/",
            "permissions_boundary": null,
            "role_last_used": [
              {
                "last_used_date": "",
                "region": ""
              }
            ],
            "tags": null,
            "tags_all": {},
            "unique_id": "AROASR6MHZNGIZ5PJJ2IS"
          },
          "sensitive_attributes": [],
          "private": "bnVsbA=="
        }
      ]
    },
    {
      "mode": "managed",
      "type": "aws_iam_role_policy_attachment",
      "name": "admin_role_attachment",
      "provider": "provider[\"registry.terraform.io/hashicorp/aws\"]",
      "instances": [
        {
          "schema_version": 0,
          "attributes": {
            "id": "NetflixAccessRole-20240322184045266800000001",
            "policy_arn": "arn:aws:iam::aws:policy/AdministratorAccess",
            "role": "NetflixAccessRole"
          },
          "sensitive_attributes": [],
          "private": "bnVsbA==",
          "dependencies": [
            "aws_iam_role.admin_role"
          ]
        }
      ]
    },
    {
      "mode": "managed",
      "type": "aws_instance",
      "name": "monitoring_server",
      "provider": "provider[\"registry.terraform.io/hashicorp/aws\"]",
      "instances": [
        {
          "schema_version": 1,
          "attributes": {
            "ami": "ami-0cd59ecaf368e5ccf",
            "arn": "arn:aws:ec2:us-east-1:175985118028:instance/i-0d0ad5f0290fec888",
            "associate_public_ip_address": true,
            "availability_zone": "us-east-1a",
            "capacity_reservation_specification": [
              {
                "capacity_reservation_preference": "open",
                "capacity_reservation_target": []
              }
            ],
            "cpu_core_count": 2,
            "cpu_options": [
              {
                "amd_sev_snp": "",
                "core_count": 2,
                "threads_per_core": 1
              }
            ],
            "cpu_threads_per_core": 1,
            "credit_specification": [
              {
                "cpu_credits": "standard"
              }
            ],
            "disable_api_stop": false,
            "disable_api_termination": false,
            "ebs_block_device": [],
            "ebs_optimized": false,
            "enclave_options": [
              {
                "enabled": false
              }
            ],
            "ephemeral_block_device": [],
            "get_password_data": false,
            "hibernation": false,
            "host_id": "",
            "host_resource_group_arn": null,
            "iam_instance_profile": "AdministratorAccessInstanceProfile",
            "id": "i-0d0ad5f0290fec888",
            "instance_initiated_shutdown_behavior": "stop",
            "instance_state": "running",
            "instance_type": "t2.medium",
            "ipv6_address_count": 0,
            "ipv6_addresses": [],
            "key_name": "netflixkp",
            "launch_template": [],
            "maintenance_options": [
              {
                "auto_recovery": "default"
              }
            ],
            "metadata_options": [
              {
                "http_endpoint": "enabled",
                "http_put_response_hop_limit": 1,
                "http_tokens": "optional",
                "instance_metadata_tags": "disabled"
              }
            ],
            "monitoring": false,
            "network_interface": [],
            "outpost_arn": "",
            "password_data": "",
            "placement_group": "",
            "placement_partition_number": 0,
            "primary_network_interface_id": "eni-03ad1067f2993ab49",
            "private_dns": "ip-172-31-150-82.ec2.internal",
            "private_dns_name_options": [
              {
                "enable_resource_name_dns_a_record": false,
                "enable_resource_name_dns_aaaa_record": false,
                "hostname_type": "ip-name"
              }
            ],
            "private_ip": "172.31.150.82",
            "public_dns": "ec2-44-223-48-148.compute-1.amazonaws.com",
            "public_ip": "44.223.48.148",
            "root_block_device": [
              {
                "delete_on_termination": true,
                "device_name": "/dev/sda1",
                "encrypted": false,
                "iops": 3000,
                "kms_key_id": "",
                "tags": null,
                "throughput": 125,
                "volume_id": "vol-058424935e020424b",
                "volume_size": 35,
                "volume_type": "gp3"
              }
            ],
            "secondary_private_ips": [],
            "security_groups": [],
            "source_dest_check": true,
            "subnet_id": "subnet-086a9afc11abe90c3",
            "tags": {
              "Name": "Monitoring Server"
            },
            "tags_all": {
              "Name": "Monitoring Server"
            },
            "tenancy": "default",
            "timeouts": null,
            "user_data": "ec5d20d1e322aceb8f17bb617331239e8be43d34",
            "user_data_base64": null,
            "user_data_replace_on_change": false,
            "volume_tags": null,
            "vpc_security_group_ids": [
              "sg-080436dc9659f4a4a"
            ]
          },
          "sensitive_attributes": [],
          "private": "eyJlMmJmYjczMC1lY2FhLTExZTYtOGY4OC0zNDM2M2JjN2M0YzAiOnsiY3JlYXRlIjo2MDAwMDAwMDAwMDAsImRlbGV0ZSI6MTIwMDAwMDAwMDAwMCwidXBkYXRlIjo2MDAwMDAwMDAwMDB9LCJzY2hlbWFfdmVyc2lvbiI6IjEifQ==",
          "dependencies": [
            "aws_iam_instance_profile.admin_instance_profile",
            "aws_iam_role.admin_role",
            "aws_security_group.netflix_sg",
            "aws_subnet.netflix-subnet",
            "aws_vpc.netflix"
          ]
        }
      ]
    },
    {
      "mode": "managed",
      "type": "aws_instance",
      "name": "netflix_server",
      "provider": "provider[\"registry.terraform.io/hashicorp/aws\"]",
      "instances": [
        {
          "schema_version": 1,
          "attributes": {
            "ami": "ami-0cd59ecaf368e5ccf",
            "arn": "arn:aws:ec2:us-east-1:175985118028:instance/i-0185b6b7d6fcd4a16",
            "associate_public_ip_address": true,
            "availability_zone": "us-east-1a",
            "capacity_reservation_specification": [
              {
                "capacity_reservation_preference": "open",
                "capacity_reservation_target": []
              }
            ],
            "cpu_core_count": 2,
            "cpu_options": [
              {
                "amd_sev_snp": "",
                "core_count": 2,
                "threads_per_core": 1
              }
            ],
            "cpu_threads_per_core": 1,
            "credit_specification": [
              {
                "cpu_credits": "standard"
              }
            ],
            "disable_api_stop": false,
            "disable_api_termination": false,
            "ebs_block_device": [],
            "ebs_optimized": false,
            "enclave_options": [
              {
                "enabled": false
              }
            ],
            "ephemeral_block_device": [],
            "get_password_data": false,
            "hibernation": false,
            "host_id": "",
            "host_resource_group_arn": null,
            "iam_instance_profile": "AdministratorAccessInstanceProfile",
            "id": "i-0185b6b7d6fcd4a16",
            "instance_initiated_shutdown_behavior": "stop",
            "instance_state": "running",
            "instance_type": "t2.large",
            "ipv6_address_count": 0,
            "ipv6_addresses": [],
            "key_name": "netflixkp",
            "launch_template": [],
            "maintenance_options": [
              {
                "auto_recovery": "default"
              }
            ],
            "metadata_options": [
              {
                "http_endpoint": "enabled",
                "http_put_response_hop_limit": 1,
                "http_tokens": "optional",
                "instance_metadata_tags": "disabled"
              }
            ],
            "monitoring": false,
            "network_interface": [],
            "outpost_arn": "",
            "password_data": "",
            "placement_group": "",
            "placement_partition_number": 0,
            "primary_network_interface_id": "eni-038c85847aa063673",
            "private_dns": "ip-172-31-108-160.ec2.internal",
            "private_dns_name_options": [
              {
                "enable_resource_name_dns_a_record": false,
                "enable_resource_name_dns_aaaa_record": false,
                "hostname_type": "ip-name"
              }
            ],
            "private_ip": "172.31.108.160",
            "public_dns": "ec2-107-21-156-2.compute-1.amazonaws.com",
            "public_ip": "107.21.156.2",
            "root_block_device": [
              {
                "delete_on_termination": true,
                "device_name": "/dev/sda1",
                "encrypted": false,
                "iops": 3000,
                "kms_key_id": "",
                "tags": null,
                "throughput": 125,
                "volume_id": "vol-0f75b9fb67b84e571",
                "volume_size": 35,
                "volume_type": "gp3"
              }
            ],
            "secondary_private_ips": [],
            "security_groups": [],
            "source_dest_check": true,
            "subnet_id": "subnet-086a9afc11abe90c3",
            "tags": {
              "Name": "Netflix Server"
            },
            "tags_all": {
              "Name": "Netflix Server"
            },
            "tenancy": "default",
            "timeouts": null,
            "user_data": "55bb64fedf64aa2b93d4217a4d0430a924bc5fb4",
            "user_data_base64": null,
            "user_data_replace_on_change": false,
            "volume_tags": null,
            "vpc_security_group_ids": [
              "sg-080436dc9659f4a4a"
            ]
          },
          "sensitive_attributes": [],
          "private": "eyJlMmJmYjczMC1lY2FhLTExZTYtOGY4OC0zNDM2M2JjN2M0YzAiOnsiY3JlYXRlIjo2MDAwMDAwMDAwMDAsImRlbGV0ZSI6MTIwMDAwMDAwMDAwMCwidXBkYXRlIjo2MDAwMDAwMDAwMDB9LCJzY2hlbWFfdmVyc2lvbiI6IjEifQ==",
          "dependencies": [
            "aws_iam_instance_profile.admin_instance_profile",
            "aws_iam_role.admin_role",
            "aws_security_group.netflix_sg",
            "aws_subnet.netflix-subnet",
            "aws_vpc.netflix"
          ]
        }
      ]
    },
    {
      "mode": "managed",
      "type": "aws_internet_gateway",
      "name": "netflix-gw",
      "provider": "provider[\"registry.terraform.io/hashicorp/aws\"]",
      "instances": [
        {
          "schema_version": 0,
          "attributes": {
            "arn": "arn:aws:ec2:us-east-1:175985118028:internet-gateway/igw-0af8b4fb62b4f6459",
            "id": "igw-0af8b4fb62b4f6459",
            "owner_id": "175985118028",
            "tags": {
              "Name": "netflix-env-gw"
            },
            "tags_all": {
              "Name": "netflix-env-gw"
            },
            "timeouts": null,
            "vpc_id": "vpc-0319e3d87273d83fb"
          },
          "sensitive_attributes": [],
          "private": "eyJlMmJmYjczMC1lY2FhLTExZTYtOGY4OC0zNDM2M2JjN2M0YzAiOnsiY3JlYXRlIjoxMjAwMDAwMDAwMDAwLCJkZWxldGUiOjEyMDAwMDAwMDAwMDAsInVwZGF0ZSI6MTIwMDAwMDAwMDAwMH19",
          "dependencies": [
            "aws_vpc.netflix"
          ]
        }
      ]
    },
    {
      "mode": "managed",
      "type": "aws_key_pair",
      "name": "generated_key",
      "provider": "provider[\"registry.terraform.io/hashicorp/aws\"]",
      "instances": [
        {
          "schema_version": 1,
          "attributes": {
            "arn": "arn:aws:ec2:us-east-1:175985118028:key-pair/netflixkp",
            "fingerprint": "88:f0:8f:d9:0a:b5:e4:d5:99:a4:7a:61:2d:e7:93:9b",
            "id": "netflixkp",
            "key_name": "netflixkp",
            "key_name_prefix": "",
            "key_pair_id": "key-01d0fca723da7dff5",
            "key_type": "rsa",
            "public_key": "ssh-rsa AAAAB3NzaC1yc2EAAAADAQABAAACAQCjLPOrbtknolA0it2DPUt6GCv1IYpUWUMNCiS/EFvf5siDBmTUZRVl6EuWqZyTlF14hYX0sBt0whn9jF6DWUTYC89hjukdnNY+hltYfAMD3LeC0qq1fWQk82+lmzqxny9OJac+ItsPp+Qlfzk5NI7QfTd4lOa79/d/evCjE1ln3GBHf5PAlJd/7FteOvDUy8Ql6zyWkJrrs2SzFLArivFGV9FVOW+rQksLFNq3GpGf8aXYYSnF7pvPfQOuoy/JBLB9mG51a28gRDbiQLJQzJNlNh1DkEJo7le6UpgwbUCYenxw9uRbKCEONOlUoV6AtCrHbkxdf0SsDhJRfnfUxJmwBdu6q84s8qvogJXMTvCDClB+KMJhyIJVC7z5/tBP4xJTXGX6qHKS4lc0Pgf35ySmwJWJ0o5B+zS9azJW7vCPmFARAWiLHPmck3muBOlu4izv0M6Em9/9QDO7lkgtn1kZ0k/o8duE5FejIkOIfT6+YhprwoMMoC0KOORqJEPQHhWoIZw//4dH+vMhUL3qFtVuqnd4HXXZi0kfJ6CAZhfecPIzakV8fYhmU0Xv0WgVUU5RNEPVc9OqTnm6t8Su6YEVBtOaFE7TqQTrwj3l8a7dwlCwFJibGtb1osrRPfsRJM24QtnBxn5kehTWm4BKNsbj+nVK4oQkpMdZyKcIf6yqPQ==",
            "tags": null,
            "tags_all": {}
          },
          "sensitive_attributes": [],
          "private": "eyJzY2hlbWFfdmVyc2lvbiI6IjEifQ==",
          "dependencies": [
            "tls_private_key.terrafrom_generated_private_key"
          ]
        }
      ]
    },
    {
      "mode": "managed",
      "type": "aws_route_table",
      "name": "route-netflix-env",
      "provider": "provider[\"registry.terraform.io/hashicorp/aws\"]",
      "instances": [
        {
          "schema_version": 0,
          "attributes": {
            "arn": "arn:aws:ec2:us-east-1:175985118028:route-table/rtb-0555be353fc1a18b9",
            "id": "rtb-0555be353fc1a18b9",
            "owner_id": "175985118028",
            "propagating_vgws": [],
            "route": [
              {
                "carrier_gateway_id": "",
                "cidr_block": "0.0.0.0/0",
                "core_network_arn": "",
                "destination_prefix_list_id": "",
                "egress_only_gateway_id": "",
                "gateway_id": "igw-0af8b4fb62b4f6459",
                "instance_id": "",
                "ipv6_cidr_block": "",
                "local_gateway_id": "",
                "nat_gateway_id": "",
                "network_interface_id": "",
                "transit_gateway_id": "",
                "vpc_endpoint_id": "",
                "vpc_peering_connection_id": ""
              }
            ],
            "tags": {
              "Name": "netflix-env-route-table"
            },
            "tags_all": {
              "Name": "netflix-env-route-table"
            },
            "timeouts": null,
            "vpc_id": "vpc-0319e3d87273d83fb"
          },
          "sensitive_attributes": [],
          "private": "eyJlMmJmYjczMC1lY2FhLTExZTYtOGY4OC0zNDM2M2JjN2M0YzAiOnsiY3JlYXRlIjozMDAwMDAwMDAwMDAsImRlbGV0ZSI6MzAwMDAwMDAwMDAwLCJ1cGRhdGUiOjEyMDAwMDAwMDAwMH19",
          "dependencies": [
            "aws_internet_gateway.netflix-gw",
            "aws_vpc.netflix"
          ]
        }
      ]
    },
    {
      "mode": "managed",
      "type": "aws_route_table_association",
      "name": "subnet-association",
      "provider": "provider[\"registry.terraform.io/hashicorp/aws\"]",
      "instances": [
        {
          "schema_version": 0,
          "attributes": {
            "gateway_id": "",
            "id": "rtbassoc-0d74c909642348136",
            "route_table_id": "rtb-0555be353fc1a18b9",
            "subnet_id": "subnet-086a9afc11abe90c3",
            "timeouts": null
          },
          "sensitive_attributes": [],
          "private": "eyJlMmJmYjczMC1lY2FhLTExZTYtOGY4OC0zNDM2M2JjN2M0YzAiOnsiY3JlYXRlIjozMDAwMDAwMDAwMDAsImRlbGV0ZSI6MzAwMDAwMDAwMDAwLCJ1cGRhdGUiOjEyMDAwMDAwMDAwMH19",
          "dependencies": [
            "aws_internet_gateway.netflix-gw",
            "aws_route_table.route-netflix-env",
            "aws_subnet.netflix-subnet",
            "aws_vpc.netflix"
          ]
        }
      ]
    },
    {
      "mode": "managed",
      "type": "aws_security_group",
      "name": "netflix_sg",
      "provider": "provider[\"registry.terraform.io/hashicorp/aws\"]",
      "instances": [
        {
          "schema_version": 1,
          "attributes": {
            "arn": "arn:aws:ec2:us-east-1:175985118028:security-group/sg-080436dc9659f4a4a",
            "description": "Managed by Terraform",
            "egress": [
              {
                "cidr_blocks": [
                  "0.0.0.0/0"
                ],
                "description": "",
                "from_port": 0,
                "ipv6_cidr_blocks": [],
                "prefix_list_ids": [],
                "protocol": "-1",
                "security_groups": [],
                "self": false,
                "to_port": 0
              }
            ],
            "id": "sg-080436dc9659f4a4a",
            "ingress": [
              {
                "cidr_blocks": [
                  "0.0.0.0/0"
                ],
                "description": "",
                "from_port": 22,
                "ipv6_cidr_blocks": [],
                "prefix_list_ids": [],
                "protocol": "tcp",
                "security_groups": [],
                "self": false,
                "to_port": 22
              },
              {
                "cidr_blocks": [
                  "0.0.0.0/0"
                ],
                "description": "",
                "from_port": 443,
                "ipv6_cidr_blocks": [],
                "prefix_list_ids": [],
                "protocol": "tcp",
                "security_groups": [],
                "self": false,
                "to_port": 443
              },
              {
                "cidr_blocks": [
                  "0.0.0.0/0"
                ],
                "description": "",
                "from_port": 8080,
                "ipv6_cidr_blocks": [],
                "prefix_list_ids": [],
                "protocol": "tcp",
                "security_groups": [],
                "self": false,
                "to_port": 8080
              },
              {
                "cidr_blocks": [
                  "0.0.0.0/0"
                ],
                "description": "",
                "from_port": 8081,
                "ipv6_cidr_blocks": [],
                "prefix_list_ids": [],
                "protocol": "tcp",
                "security_groups": [],
                "self": false,
                "to_port": 8081
              },
              {
                "cidr_blocks": [
                  "0.0.0.0/0"
                ],
                "description": "",
                "from_port": 80,
                "ipv6_cidr_blocks": [],
                "prefix_list_ids": [],
                "protocol": "tcp",
                "security_groups": [],
                "self": false,
                "to_port": 80
              },
              {
                "cidr_blocks": [
                  "0.0.0.0/0"
                ],
                "description": "",
                "from_port": 9000,
                "ipv6_cidr_blocks": [],
                "prefix_list_ids": [],
                "protocol": "tcp",
                "security_groups": [],
                "self": false,
                "to_port": 9000
              }
            ],
            "name": "netflix_sg",
            "name_prefix": "",
            "owner_id": "175985118028",
            "revoke_rules_on_delete": false,
            "tags": {
              "name": "netflix_sg"
            },
            "tags_all": {
              "name": "netflix_sg"
            },
            "timeouts": null,
            "vpc_id": "vpc-0319e3d87273d83fb"
          },
          "sensitive_attributes": [],
          "private": "eyJlMmJmYjczMC1lY2FhLTExZTYtOGY4OC0zNDM2M2JjN2M0YzAiOnsiY3JlYXRlIjo2MDAwMDAwMDAwMDAsImRlbGV0ZSI6OTAwMDAwMDAwMDAwfSwic2NoZW1hX3ZlcnNpb24iOiIxIn0=",
          "dependencies": [
            "aws_vpc.netflix"
          ]
        }
      ]
    },
    {
      "mode": "managed",
      "type": "aws_subnet",
      "name": "netflix-subnet",
      "provider": "provider[\"registry.terraform.io/hashicorp/aws\"]",
      "instances": [
        {
          "schema_version": 1,
          "attributes": {
            "arn": "arn:aws:ec2:us-east-1:175985118028:subnet/subnet-086a9afc11abe90c3",
            "assign_ipv6_address_on_creation": false,
            "availability_zone": "us-east-1a",
            "availability_zone_id": "use1-az4",
            "cidr_block": "172.31.0.0/16",
            "customer_owned_ipv4_pool": "",
            "enable_dns64": false,
            "enable_lni_at_device_index": 0,
            "enable_resource_name_dns_a_record_on_launch": false,
            "enable_resource_name_dns_aaaa_record_on_launch": false,
            "id": "subnet-086a9afc11abe90c3",
            "ipv6_cidr_block": "",
            "ipv6_cidr_block_association_id": "",
            "ipv6_native": false,
            "map_customer_owned_ip_on_launch": false,
            "map_public_ip_on_launch": false,
            "outpost_arn": "",
            "owner_id": "175985118028",
            "private_dns_hostname_type_on_launch": "ip-name",
            "tags": {
              "Name": "netflix"
            },
            "tags_all": {
              "Name": "netflix"
            },
            "timeouts": null,
            "vpc_id": "vpc-0319e3d87273d83fb"
          },
          "sensitive_attributes": [],
          "private": "eyJlMmJmYjczMC1lY2FhLTExZTYtOGY4OC0zNDM2M2JjN2M0YzAiOnsiY3JlYXRlIjo2MDAwMDAwMDAwMDAsImRlbGV0ZSI6MTIwMDAwMDAwMDAwMH0sInNjaGVtYV92ZXJzaW9uIjoiMSJ9",
          "dependencies": [
            "aws_vpc.netflix"
          ]
        }
      ]
    },
    {
      "mode": "managed",
      "type": "aws_vpc",
      "name": "netflix",
      "provider": "provider[\"registry.terraform.io/hashicorp/aws\"]",
      "instances": [
        {
          "schema_version": 1,
          "attributes": {
            "arn": "arn:aws:ec2:us-east-1:175985118028:vpc/vpc-0319e3d87273d83fb",
            "assign_generated_ipv6_cidr_block": false,
            "cidr_block": "172.31.0.0/16",
            "default_network_acl_id": "acl-050b32523e6d49539",
            "default_route_table_id": "rtb-0bb30c55ad0cedef2",
            "default_security_group_id": "sg-0331cfdaec1cb3ca9",
            "dhcp_options_id": "dopt-04e8f0dbff14ebb0e",
            "enable_classiclink": false,
            "enable_classiclink_dns_support": false,
            "enable_dns_hostnames": true,
            "enable_dns_support": true,
            "enable_network_address_usage_metrics": false,
            "id": "vpc-0319e3d87273d83fb",
            "instance_tenancy": "default",
            "ipv4_ipam_pool_id": null,
            "ipv4_netmask_length": null,
            "ipv6_association_id": "",
            "ipv6_cidr_block": "",
            "ipv6_cidr_block_network_border_group": "",
            "ipv6_ipam_pool_id": "",
            "ipv6_netmask_length": 0,
            "main_route_table_id": "rtb-0bb30c55ad0cedef2",
            "owner_id": "175985118028",
            "tags": {
              "Name": "NetflixClone"
            },
            "tags_all": {
              "Name": "NetflixClone"
            }
          },
          "sensitive_attributes": [],
          "private": "eyJzY2hlbWFfdmVyc2lvbiI6IjEifQ=="
        }
      ]
    },
    {
      "mode": "managed",
      "type": "tls_private_key",
      "name": "terrafrom_generated_private_key",
      "provider": "provider[\"registry.terraform.io/hashicorp/tls\"]",
      "instances": [
        {
          "schema_version": 1,
          "attributes": {
            "algorithm": "RSA",
            "ecdsa_curve": "P224",
            "id": "f01c375c82bb7bf1f95733fe40babd2f6e9fb87a",
            "private_key_openssh": "-----BEGIN OPENSSH PRIVATE KEY-----\nb3BlbnNzaC1rZXktdjEAAAAABG5vbmUAAAAEbm9uZQAAAAAAAAABAAACFwAAAAdz\nc2gtcnNhAAAAAwEAAQAAAgEAoyzzq27ZJ6JQNIrdgz1Lehgr9SGKVFlDDQokvxBb\n3+bIgwZk1GUVZehLlqmck5RdeIWF9LAbdMIZ/Yxeg1lE2AvPYY7pHZzWPoZbWHwD\nA9y3gtKqtX1kJPNvpZs6sZ8vTiWnPiLbD6fkJX85OTSO0H03eJTmu/f3f3rwoxNZ\nZ9xgR3+TwJSXf+xbXjrw1MvEJes8lpCa67NksxSwK4rxRlfRVTlvq0JLCxTatxqR\nn/Gl2GEpxe6bz30DrqMvyQSwfZhudWtvIEQ24kCyUMyTZTYdQ5BCaO5XulKYMG1A\nmHp8cPbkWyghDjTpVKFegLQqx25MXX9ErA4SUX531MSZsAXbuqvOLPKr6ICVzE7w\ngwpQfijCYciCVQu8+f7QT+MSU1xl+qhykuJXND4H9+ckpsCVidKOQfs0vWsyVu7w\nj5hQEQFoixz5nJN5rgTpbuIs79DOhJvf/UAzu5ZILZ9ZGdJP6PHbhORXoyJDiH0+\nvmIaa8KDDKAtCjjkaiRD0B4VqCGcP/+HR/rzIVC96hbVbqp3eB112YtJHyeggGYX\n3nDyM2pFfH2IZlNF79FoFVFOUTRD1XPTqk55urfErumBFQbTmhRO06kE68I95fGu\n3cJQsBSYmxrW9aLK0T37ESTNuELZwcZ+ZHoU1puASjbG4/p1SuKEJKTHWcinCH+s\nqj0AAAc4NEDMHjRAzB4AAAAHc3NoLXJzYQAAAgEAoyzzq27ZJ6JQNIrdgz1Lehgr\n9SGKVFlDDQokvxBb3+bIgwZk1GUVZehLlqmck5RdeIWF9LAbdMIZ/Yxeg1lE2AvP\nYY7pHZzWPoZbWHwDA9y3gtKqtX1kJPNvpZs6sZ8vTiWnPiLbD6fkJX85OTSO0H03\neJTmu/f3f3rwoxNZZ9xgR3+TwJSXf+xbXjrw1MvEJes8lpCa67NksxSwK4rxRlfR\nVTlvq0JLCxTatxqRn/Gl2GEpxe6bz30DrqMvyQSwfZhudWtvIEQ24kCyUMyTZTYd\nQ5BCaO5XulKYMG1AmHp8cPbkWyghDjTpVKFegLQqx25MXX9ErA4SUX531MSZsAXb\nuqvOLPKr6ICVzE7wgwpQfijCYciCVQu8+f7QT+MSU1xl+qhykuJXND4H9+ckpsCV\nidKOQfs0vWsyVu7wj5hQEQFoixz5nJN5rgTpbuIs79DOhJvf/UAzu5ZILZ9ZGdJP\n6PHbhORXoyJDiH0+vmIaa8KDDKAtCjjkaiRD0B4VqCGcP/+HR/rzIVC96hbVbqp3\neB112YtJHyeggGYX3nDyM2pFfH2IZlNF79FoFVFOUTRD1XPTqk55urfErumBFQbT\nmhRO06kE68I95fGu3cJQsBSYmxrW9aLK0T37ESTNuELZwcZ+ZHoU1puASjbG4/p1\nSuKEJKTHWcinCH+sqj0AAAADAQABAAACAEaRr0Qp6WJZsSQ4Fjqm7Jh+Eayu97so\n63WdOG0lLwazMW5w+nRczxdGkkIzUlME7DOuU1OSQh2JwGHGLi3SEpL48JQ5kRnM\ndV+PDbxDza4C6555a3iYJRJR8awGaSjeNkAuyph1zJWFv4Zz8hSKZWVHchEFHJCY\nWgJY8e8k9BqV1VG2m/jCio65cn5bMUJmaYsYpBhdq5JaACfuv43lRhls60xXTbMc\nNYYyW7CqneY1RMtCoiVG3z2pzEjfrE/cZlO687J2ZxXmSnIpFrUY9HnmIFvS7NWi\nlnAvPkBbT39iIaVdMT83KKyTN4HxVASHZqTfT8lzvAhJAaUa88ohyHEF66AQFXrz\nfWD6LJnQVXBb/nJHEdS6GFTNP1pKT+iMZI23TPPc0xBqUUv2xD9JJJ8wsrnv9M48\nYbQXbZxgZTCYtCsv8RxFvgN5DfORo66zGqfKAai480l8yK1R9kjPpwWcrGh2ExPe\nP8xpRQeG4FZBlCeL3thrBySIBKnS7dREXzghq7eGsMdLt28JJqKPhjmNUXU9tkQ0\noMg3iTzCg0oLG5eU6vvmp6khZwOCyvBdlkldnkGEVz7ToU1oyRiI46BMbFFGFM5/\nPMfXoZI2hCGRmuWHNavh5iaNz3mvmzJJasVecwCqsdl2+qCSeKTAJV64ZqLjfNB+\nE7D1YRpHMhsBAAABACt+YZbYSdR0qm+bYH/3Rr2kNU+0RctiomuCmsD3ddDZuxee\noXva+3baLst6083RZ/JEVS3EILonjRkkIQJ7a2zLW0tqgod6ZCvx4Mg9z/ZU4XKo\nmYkUUY7ZnKfDXjlyS0gmWP88MePYDDm0g2tB6fEc6tZPfkkpPJRrnycBUN4MpgqB\nxhukSxLmJW8ViWkdvQ7AaK2SlEC8JkgdFdTWJ1u9z3BIZFNScRLGN4Yn2CRB3uvV\nF5tJiO6t01aVqiQ6Q8EVtFATNTOM3PQBCKruqfh6vnDlwCt0HrK/kxH59Pl1/GJ/\ndzplKtGkbY6pb6LK+yBTAEg1rgIUa0GpuEtnRbgAAAEBANZXDLLAOWWyPeOAGjjm\nRKUY7PSnSkROcps1rhItQGMLuWq6gi6ginEXRJfOth+mfuKBns7KcFvpJZ+YcvAj\nZwuzCQt12xdBkNkozgutafFn34LhY2lyUGgOfJKXPyqWBjp4sI0AvQj5zsQ7V2ZX\n8TwM5qvdwXWFDWeNQ4G51wA20YfUZNMPjmZaCEPIVbvAvFFEpABgQQCT33ebloI3\n/ENc1jetZ3uXwnp2a3Cc3HP4K+dt9ic0ccQH4yctkyM32VJOW1P4eW7WLiMJ4SKH\nXJXZ1A2h+XrPFyx9063h4hDbBAjHE98J0IaySEZmw7zgEiZ8/nHuQBxzylu99YXu\nxH0AAAEBAMLkGuUbQWibzKtJhcifZTrgNIdDsYjMrvNiw/TavtJYLebqWfVBXKMg\n058tN28ReiXnGC27HCwk51mQJ9hh3WSoMiYyBP+sfd4ENC9A++RkdxNynDOAz3ty\nR+xmj/GPxWwNZz+sVBssTxr9rhrsEOHInKvdAr9bhAvr7lKgBNtTZPn5oYIk/W9c\nVNRdzgi30VeSmeGjh19fHnbXV+w86QepFYytHqXxHJR2akSJeagtEVAN6CnePwJN\nDbGuAuQU9k0a6WAP7p36G/pKEVz5miQflHtp9nyUOblUGncZKGN3ln2mDD+RqQPw\nsOE257NonR46w5d0LPZ7SupbuRyDKMEAAAAAAQID\n-----END OPENSSH PRIVATE KEY-----\n",
            "private_key_pem": "-----BEGIN RSA PRIVATE KEY-----\nMIIJJwIBAAKCAgEAoyzzq27ZJ6JQNIrdgz1Lehgr9SGKVFlDDQokvxBb3+bIgwZk\n1GUVZehLlqmck5RdeIWF9LAbdMIZ/Yxeg1lE2AvPYY7pHZzWPoZbWHwDA9y3gtKq\ntX1kJPNvpZs6sZ8vTiWnPiLbD6fkJX85OTSO0H03eJTmu/f3f3rwoxNZZ9xgR3+T\nwJSXf+xbXjrw1MvEJes8lpCa67NksxSwK4rxRlfRVTlvq0JLCxTatxqRn/Gl2GEp\nxe6bz30DrqMvyQSwfZhudWtvIEQ24kCyUMyTZTYdQ5BCaO5XulKYMG1AmHp8cPbk\nWyghDjTpVKFegLQqx25MXX9ErA4SUX531MSZsAXbuqvOLPKr6ICVzE7wgwpQfijC\nYciCVQu8+f7QT+MSU1xl+qhykuJXND4H9+ckpsCVidKOQfs0vWsyVu7wj5hQEQFo\nixz5nJN5rgTpbuIs79DOhJvf/UAzu5ZILZ9ZGdJP6PHbhORXoyJDiH0+vmIaa8KD\nDKAtCjjkaiRD0B4VqCGcP/+HR/rzIVC96hbVbqp3eB112YtJHyeggGYX3nDyM2pF\nfH2IZlNF79FoFVFOUTRD1XPTqk55urfErumBFQbTmhRO06kE68I95fGu3cJQsBSY\nmxrW9aLK0T37ESTNuELZwcZ+ZHoU1puASjbG4/p1SuKEJKTHWcinCH+sqj0CAwEA\nAQKCAgBGka9EKeliWbEkOBY6puyYfhGsrve7KOt1nThtJS8GszFucPp0XM8XRpJC\nM1JTBOwzrlNTkkIdicBhxi4t0hKS+PCUOZEZzHVfjw28Q82uAuueeWt4mCUSUfGs\nBmko3jZALsqYdcyVhb+Gc/IUimVlR3IRBRyQmFoCWPHvJPQaldVRtpv4woqOuXJ+\nWzFCZmmLGKQYXauSWgAn7r+N5UYZbOtMV02zHDWGMluwqp3mNUTLQqIlRt89qcxI\n36xP3GZTuvOydmcV5kpyKRa1GPR55iBb0uzVopZwLz5AW09/YiGlXTE/NyiskzeB\n8VQEh2ak30/Jc7wISQGlGvPKIchxBeugEBV6831g+iyZ0FVwW/5yRxHUuhhUzT9a\nSk/ojGSNt0zz3NMQalFL9sQ/SSSfMLK57/TOPGG0F22cYGUwmLQrL/EcRb4DeQ3z\nkaOusxqnygGouPNJfMitUfZIz6cFnKxodhMT3j/MaUUHhuBWQZQni97YawckiASp\n0u3URF84Iau3hrDHS7dvCSaij4Y5jVF1PbZENKDIN4k8woNKCxuXlOr75qepIWcD\ngsrwXZZJXZ5BhFc+06FNaMkYiOOgTGxRRhTOfzzH16GSNoQhkZrlhzWr4eYmjc95\nr5sySWrFXnMAqrHZdvqgknikwCVeuGai43zQfhOw9WEaRzIbAQKCAQEA1lcMssA5\nZbI944AaOOZEpRjs9KdKRE5ymzWuEi1AYwu5arqCLqCKcRdEl862H6Z+4oGezspw\nW+kln5hy8CNnC7MJC3XbF0GQ2SjOC61p8WffguFjaXJQaA58kpc/KpYGOniwjQC9\nCPnOxDtXZlfxPAzmq93BdYUNZ41DgbnXADbRh9Rk0w+OZloIQ8hVu8C8UUSkAGBB\nAJPfd5uWgjf8Q1zWN61ne5fCenZrcJzcc/gr5232JzRxxAfjJy2TIzfZUk5bU/h5\nbtYuIwnhIodcldnUDaH5es8XLH3TreHiENsECMcT3wnQhrJIRmbDvOASJnz+ce5A\nHHPKW731he7EfQKCAQEAwuQa5RtBaJvMq0mFyJ9lOuA0h0OxiMyu82LD9Nq+0lgt\n5upZ9UFcoyDTny03bxF6JecYLbscLCTnWZAn2GHdZKgyJjIE/6x93gQ0L0D75GR3\nE3KcM4DPe3JH7GaP8Y/FbA1nP6xUGyxPGv2uGuwQ4cicq90Cv1uEC+vuUqAE21Nk\n+fmhgiT9b1xU1F3OCLfRV5KZ4aOHX18edtdX7DzpB6kVjK0epfEclHZqRIl5qC0R\nUA3oKd4/Ak0Nsa4C5BT2TRrpYA/unfob+koRXPmaJB+Ue2n2fJQ5uVQadxkoY3eW\nfaYMP5GpA/Cw4Tbns2idHjrDl3Qs9ntK6lu5HIMowQKCAQAvocCsqJMYynd+ayVo\np6NxnQxrghG7BEPrwg4g8/VvDVfzI+dyPTMG1sjjg4htmC5yX6PPCKXXhwRZZyOD\nwhpQO0UzSsmZbXSnDa5cYfk9MHw3NadF86VyumVsnjfnWtefftqdOyDHMdyFNzrA\n/6IYWjWY0/r+Bsdnz7jEx2vEHGqL6ONPFBHtJOzZQ1fqFXbECKD5hGptmm76wZS8\n83wX7DWeweZRTPRnCpHtwK4tB2WaVJFzPPBbQ/Vy62nbVbnx1H/vNTSnMOmn17Y0\nWih1FKdPMEOkywi3Vm8IIT5/yGwpFzSPSDsS8+Oj4Yp2GsVt0DErWGre58x8fsZl\nMR5xAoIBAGvxwb/B7+GL4bnBmDr9pikNA6sj4FI/5Grj+ltFSUniE1KB3N+Nm0yz\nIuNYPQrkqD4UGH1D1J/StN0Tji44TlKxIk2riL8//9sXgvvlR19CEf4Qjdms776V\nFqcmS3XlRtjJN7W5sj/2s73kYimBNPyJi9VZLWtlueaMf8z92pLMRvJ5xG38JO8o\nOcgCSNrlTSrvBRJH6/P0EECMl6M+PWfDzC7FuGL6//Ru/f8GEf8HLz6i5UNDWKzi\nlsIh+nHv9lfQnxBY4rZXUGW53pIbobd+UlRk5WQtCSfQIHR017z4AL+JV+FhwTZw\netfS/FSPje6vZ6Qcccb3lQ/nS8kyEEECggEAK35hlthJ1HSqb5tgf/dGvaQ1T7RF\ny2Kia4KawPd10Nm7F56he9r7dtouy3rTzdFn8kRVLcQguieNGSQhAntrbMtbS2qC\nh3pkK/HgyD3P9lThcqiZiRRRjtmcp8NeOXJLSCZY/zwx49gMObSDa0Hp8Rzq1k9+\nSSk8lGufJwFQ3gymCoHGG6RLEuYlbxWJaR29DsBorZKUQLwmSB0V1NYnW73PcEhk\nU1JxEsY3hifYJEHe69UXm0mI7q3TVpWqJDpDwRW0UBM1M4zc9AEIqu6p+Hq+cOXA\nK3Qesr+TEfn0+XX8Yn93OmUq0aRtjqlvosr7IFMASDWuAhRrQam4S2dFuA==\n-----END RSA PRIVATE KEY-----\n",
            "private_key_pem_pkcs8": "-----BEGIN PRIVATE KEY-----\nMIIJQQIBADANBgkqhkiG9w0BAQEFAASCCSswggknAgEAAoICAQCjLPOrbtknolA0\nit2DPUt6GCv1IYpUWUMNCiS/EFvf5siDBmTUZRVl6EuWqZyTlF14hYX0sBt0whn9\njF6DWUTYC89hjukdnNY+hltYfAMD3LeC0qq1fWQk82+lmzqxny9OJac+ItsPp+Ql\nfzk5NI7QfTd4lOa79/d/evCjE1ln3GBHf5PAlJd/7FteOvDUy8Ql6zyWkJrrs2Sz\nFLArivFGV9FVOW+rQksLFNq3GpGf8aXYYSnF7pvPfQOuoy/JBLB9mG51a28gRDbi\nQLJQzJNlNh1DkEJo7le6UpgwbUCYenxw9uRbKCEONOlUoV6AtCrHbkxdf0SsDhJR\nfnfUxJmwBdu6q84s8qvogJXMTvCDClB+KMJhyIJVC7z5/tBP4xJTXGX6qHKS4lc0\nPgf35ySmwJWJ0o5B+zS9azJW7vCPmFARAWiLHPmck3muBOlu4izv0M6Em9/9QDO7\nlkgtn1kZ0k/o8duE5FejIkOIfT6+YhprwoMMoC0KOORqJEPQHhWoIZw//4dH+vMh\nUL3qFtVuqnd4HXXZi0kfJ6CAZhfecPIzakV8fYhmU0Xv0WgVUU5RNEPVc9OqTnm6\nt8Su6YEVBtOaFE7TqQTrwj3l8a7dwlCwFJibGtb1osrRPfsRJM24QtnBxn5kehTW\nm4BKNsbj+nVK4oQkpMdZyKcIf6yqPQIDAQABAoICAEaRr0Qp6WJZsSQ4Fjqm7Jh+\nEayu97so63WdOG0lLwazMW5w+nRczxdGkkIzUlME7DOuU1OSQh2JwGHGLi3SEpL4\n8JQ5kRnMdV+PDbxDza4C6555a3iYJRJR8awGaSjeNkAuyph1zJWFv4Zz8hSKZWVH\nchEFHJCYWgJY8e8k9BqV1VG2m/jCio65cn5bMUJmaYsYpBhdq5JaACfuv43lRhls\n60xXTbMcNYYyW7CqneY1RMtCoiVG3z2pzEjfrE/cZlO687J2ZxXmSnIpFrUY9Hnm\nIFvS7NWilnAvPkBbT39iIaVdMT83KKyTN4HxVASHZqTfT8lzvAhJAaUa88ohyHEF\n66AQFXrzfWD6LJnQVXBb/nJHEdS6GFTNP1pKT+iMZI23TPPc0xBqUUv2xD9JJJ8w\nsrnv9M48YbQXbZxgZTCYtCsv8RxFvgN5DfORo66zGqfKAai480l8yK1R9kjPpwWc\nrGh2ExPeP8xpRQeG4FZBlCeL3thrBySIBKnS7dREXzghq7eGsMdLt28JJqKPhjmN\nUXU9tkQ0oMg3iTzCg0oLG5eU6vvmp6khZwOCyvBdlkldnkGEVz7ToU1oyRiI46BM\nbFFGFM5/PMfXoZI2hCGRmuWHNavh5iaNz3mvmzJJasVecwCqsdl2+qCSeKTAJV64\nZqLjfNB+E7D1YRpHMhsBAoIBAQDWVwyywDllsj3jgBo45kSlGOz0p0pETnKbNa4S\nLUBjC7lquoIuoIpxF0SXzrYfpn7igZ7OynBb6SWfmHLwI2cLswkLddsXQZDZKM4L\nrWnxZ9+C4WNpclBoDnySlz8qlgY6eLCNAL0I+c7EO1dmV/E8DOar3cF1hQ1njUOB\nudcANtGH1GTTD45mWghDyFW7wLxRRKQAYEEAk993m5aCN/xDXNY3rWd7l8J6dmtw\nnNxz+CvnbfYnNHHEB+MnLZMjN9lSTltT+Hlu1i4jCeEih1yV2dQNofl6zxcsfdOt\n4eIQ2wQIxxPfCdCGskhGZsO84BImfP5x7kAcc8pbvfWF7sR9AoIBAQDC5BrlG0Fo\nm8yrSYXIn2U64DSHQ7GIzK7zYsP02r7SWC3m6ln1QVyjINOfLTdvEXol5xgtuxws\nJOdZkCfYYd1kqDImMgT/rH3eBDQvQPvkZHcTcpwzgM97ckfsZo/xj8VsDWc/rFQb\nLE8a/a4a7BDhyJyr3QK/W4QL6+5SoATbU2T5+aGCJP1vXFTUXc4It9FXkpnho4df\nXx5211fsPOkHqRWMrR6l8RyUdmpEiXmoLRFQDegp3j8CTQ2xrgLkFPZNGulgD+6d\n+hv6ShFc+ZokH5R7afZ8lDm5VBp3GShjd5Z9pgw/kakD8LDhNuezaJ0eOsOXdCz2\ne0rqW7kcgyjBAoIBAC+hwKyokxjKd35rJWino3GdDGuCEbsEQ+vCDiDz9W8NV/Mj\n53I9MwbWyOODiG2YLnJfo88IpdeHBFlnI4PCGlA7RTNKyZltdKcNrlxh+T0wfDc1\np0XzpXK6ZWyeN+da159+2p07IMcx3IU3OsD/ohhaNZjT+v4Gx2fPuMTHa8Qcaovo\n408UEe0k7NlDV+oVdsQIoPmEam2abvrBlLzzfBfsNZ7B5lFM9GcKke3Ari0HZZpU\nkXM88FtD9XLradtVufHUf+81NKcw6afXtjRaKHUUp08wQ6TLCLdWbwghPn/IbCkX\nNI9IOxLz46PhinYaxW3QMStYat7nzHx+xmUxHnECggEAa/HBv8Hv4YvhucGYOv2m\nKQ0DqyPgUj/kauP6W0VJSeITUoHc342bTLMi41g9CuSoPhQYfUPUn9K03ROOLjhO\nUrEiTauIvz//2xeC++VHX0IR/hCN2azvvpUWpyZLdeVG2Mk3tbmyP/azveRiKYE0\n/ImL1Vkta2W55ox/zP3aksxG8nnEbfwk7yg5yAJI2uVNKu8FEkfr8/QQQIyXoz49\nZ8PMLsW4Yvr/9G79/wYR/wcvPqLlQ0NYrOKWwiH6ce/2V9CfEFjitldQZbnekhuh\nt35SVGTlZC0JJ9AgdHTXvPgAv4lX4WHBNnB619L8VI+N7q9npBxxxveVD+dLyTIQ\nQQKCAQArfmGW2EnUdKpvm2B/90a9pDVPtEXLYqJrgprA93XQ2bsXnqF72vt22i7L\netPN0WfyRFUtxCC6J40ZJCECe2tsy1tLaoKHemQr8eDIPc/2VOFyqJmJFFGO2Zyn\nw145cktIJlj/PDHj2Aw5tINrQenxHOrWT35JKTyUa58nAVDeDKYKgcYbpEsS5iVv\nFYlpHb0OwGitkpRAvCZIHRXU1idbvc9wSGRTUnESxjeGJ9gkQd7r1RebSYjurdNW\nlaokOkPBFbRQEzUzjNz0AQiq7qn4er5w5cArdB6yv5MR+fT5dfxif3c6ZSrRpG2O\nqW+iyvsgUwBINa4CFGtBqbhLZ0W4\n-----END PRIVATE KEY-----\n",
            "public_key_fingerprint_md5": "c5:25:6c:68:9d:97:8b:61:f7:d1:0f:fb:c4:d7:cb:6b",
            "public_key_fingerprint_sha256": "SHA256:P3lpXRJNXjo4DegybJ+QOuDvw9zByyXOoEPobDcpgCk",
            "public_key_openssh": "ssh-rsa AAAAB3NzaC1yc2EAAAADAQABAAACAQCjLPOrbtknolA0it2DPUt6GCv1IYpUWUMNCiS/EFvf5siDBmTUZRVl6EuWqZyTlF14hYX0sBt0whn9jF6DWUTYC89hjukdnNY+hltYfAMD3LeC0qq1fWQk82+lmzqxny9OJac+ItsPp+Qlfzk5NI7QfTd4lOa79/d/evCjE1ln3GBHf5PAlJd/7FteOvDUy8Ql6zyWkJrrs2SzFLArivFGV9FVOW+rQksLFNq3GpGf8aXYYSnF7pvPfQOuoy/JBLB9mG51a28gRDbiQLJQzJNlNh1DkEJo7le6UpgwbUCYenxw9uRbKCEONOlUoV6AtCrHbkxdf0SsDhJRfnfUxJmwBdu6q84s8qvogJXMTvCDClB+KMJhyIJVC7z5/tBP4xJTXGX6qHKS4lc0Pgf35ySmwJWJ0o5B+zS9azJW7vCPmFARAWiLHPmck3muBOlu4izv0M6Em9/9QDO7lkgtn1kZ0k/o8duE5FejIkOIfT6+YhprwoMMoC0KOORqJEPQHhWoIZw//4dH+vMhUL3qFtVuqnd4HXXZi0kfJ6CAZhfecPIzakV8fYhmU0Xv0WgVUU5RNEPVc9OqTnm6t8Su6YEVBtOaFE7TqQTrwj3l8a7dwlCwFJibGtb1osrRPfsRJM24QtnBxn5kehTWm4BKNsbj+nVK4oQkpMdZyKcIf6yqPQ==\n",
            "public_key_pem": "-----BEGIN PUBLIC KEY-----\nMIICIjANBgkqhkiG9w0BAQEFAAOCAg8AMIICCgKCAgEAoyzzq27ZJ6JQNIrdgz1L\nehgr9SGKVFlDDQokvxBb3+bIgwZk1GUVZehLlqmck5RdeIWF9LAbdMIZ/Yxeg1lE\n2AvPYY7pHZzWPoZbWHwDA9y3gtKqtX1kJPNvpZs6sZ8vTiWnPiLbD6fkJX85OTSO\n0H03eJTmu/f3f3rwoxNZZ9xgR3+TwJSXf+xbXjrw1MvEJes8lpCa67NksxSwK4rx\nRlfRVTlvq0JLCxTatxqRn/Gl2GEpxe6bz30DrqMvyQSwfZhudWtvIEQ24kCyUMyT\nZTYdQ5BCaO5XulKYMG1AmHp8cPbkWyghDjTpVKFegLQqx25MXX9ErA4SUX531MSZ\nsAXbuqvOLPKr6ICVzE7wgwpQfijCYciCVQu8+f7QT+MSU1xl+qhykuJXND4H9+ck\npsCVidKOQfs0vWsyVu7wj5hQEQFoixz5nJN5rgTpbuIs79DOhJvf/UAzu5ZILZ9Z\nGdJP6PHbhORXoyJDiH0+vmIaa8KDDKAtCjjkaiRD0B4VqCGcP/+HR/rzIVC96hbV\nbqp3eB112YtJHyeggGYX3nDyM2pFfH2IZlNF79FoFVFOUTRD1XPTqk55urfErumB\nFQbTmhRO06kE68I95fGu3cJQsBSYmxrW9aLK0T37ESTNuELZwcZ+ZHoU1puASjbG\n4/p1SuKEJKTHWcinCH+sqj0CAwEAAQ==\n-----END PUBLIC KEY-----\n",
            "rsa_bits": 4096
          },
          "sensitive_attributes": []
        }
      ]
    }
  ],
  "check_results": null
}
